{
  "lockfile_version": "1",
  "packages": {
    "actionlint@latest": {
      "last_modified": "2025-03-13T11:38:39Z",
      "resolved": "github:NixOS/nixpkgs/573c650e8a14b2faa0041645ab18aed7e60f0c9a#actionlint",
      "source": "devbox-search",
      "version": "1.7.7",
      "systems": {
        "aarch64-darwin": {
          "outputs": [
            {
              "name": "out",
              "path": "/nix/store/givfmrck50qh7mx8wr8zka5la9w0ba7i-actionlint-1.7.7",
              "default": true
            }
          ],
          "store_path": "/nix/store/givfmrck50qh7mx8wr8zka5la9w0ba7i-actionlint-1.7.7"
        },
        "aarch64-linux": {
          "outputs": [
            {
              "name": "out",
              "path": "/nix/store/f2yaq4vradwfq17y3rczsa14a96qfynp-actionlint-1.7.7",
              "default": true
            }
          ],
          "store_path": "/nix/store/f2yaq4vradwfq17y3rczsa14a96qfynp-actionlint-1.7.7"
        },
        "x86_64-darwin": {
          "outputs": [
            {
              "name": "out",
              "path": "/nix/store/9gjb5634sxsdycc2853zxiigixg8xyhz-actionlint-1.7.7",
              "default": true
            }
          ],
          "store_path": "/nix/store/9gjb5634sxsdycc2853zxiigixg8xyhz-actionlint-1.7.7"
        },
        "x86_64-linux": {
          "outputs": [
            {
              "name": "out",
              "path": "/nix/store/035hgpi3philn8x29bknnzbrzwpj7m9n-actionlint-1.7.7",
              "default": true
            }
          ],
          "store_path": "/nix/store/035hgpi3philn8x29bknnzbrzwpj7m9n-actionlint-1.7.7"
        }
      }
    },
    "coreutils@latest": {
      "last_modified": "2025-03-21T08:42:37Z",
      "resolved": "github:NixOS/nixpkgs/bfa9810ff7104a17555ab68ebdeafb6705f129b1#coreutils",
      "source": "devbox-search",
      "version": "9.6",
      "systems": {
        "aarch64-darwin": {
          "outputs": [
            {
              "name": "out",
              "path": "/nix/store/a8lb0q3y83n0bn5s4gayyvfkgjn13ial-coreutils-9.6",
              "default": true
            },
            {
              "name": "info",
              "path": "/nix/store/65m47sn1g6yv3g6ncmf0x4gsw5wl880g-coreutils-9.6-info"
            }
          ],
          "store_path": "/nix/store/a8lb0q3y83n0bn5s4gayyvfkgjn13ial-coreutils-9.6"
        },
        "aarch64-linux": {
          "outputs": [
            {
              "name": "out",
              "path": "/nix/store/c9cz24jydkkk3w1iqdy1vcd1886slp1z-coreutils-9.6",
              "default": true
            },
            {
              "name": "debug",
              "path": "/nix/store/inl1iq5cgy3rxx22apxcjkrk1lq9scjz-coreutils-9.6-debug"
            },
            {
              "name": "info",
              "path": "/nix/store/njr94ajn51h23kvwqsxpqf8n7q7qkrvi-coreutils-9.6-info"
            }
          ],
          "store_path": "/nix/store/c9cz24jydkkk3w1iqdy1vcd1886slp1z-coreutils-9.6"
        },
        "x86_64-darwin": {
          "outputs": [
            {
              "name": "out",
              "path": "/nix/store/dylz6jypr1wcicja4d64gsgl5ncqwl5y-coreutils-9.6",
              "default": true
            },
            {
              "name": "info",
              "path": "/nix/store/35b050qms17afzs3hspjcmmc5knvnlds-coreutils-9.6-info"
            }
          ],
          "store_path": "/nix/store/dylz6jypr1wcicja4d64gsgl5ncqwl5y-coreutils-9.6"
        },
        "x86_64-linux": {
          "outputs": [
            {
              "name": "out",
              "path": "/nix/store/vz67zaqyfln2jcqwar682kdlrxfx9vq1-coreutils-9.6",
              "default": true
            },
            {
              "name": "debug",
              "path": "/nix/store/lcvs98533i7plnqgra5v9y7ar93g571n-coreutils-9.6-debug"
            },
            {
              "name": "info",
              "path": "/nix/store/drpnpibm22qiqby1y9cqngp100hlzd25-coreutils-9.6-info"
            }
          ],
          "store_path": "/nix/store/vz67zaqyfln2jcqwar682kdlrxfx9vq1-coreutils-9.6"
        }
      }
    },
    "crane@latest": {
      "last_modified": "2025-03-11T17:52:14Z",
      "resolved": "github:NixOS/nixpkgs/0d534853a55b5d02a4ababa1d71921ce8f0aee4c#crane",
      "source": "devbox-search",
      "version": "0.20.3",
      "systems": {
        "aarch64-darwin": {
          "outputs": [
            {
              "name": "crane",
              "path": "/nix/store/66l2fkm6a5mgwbg00z73ljqrq06dpsgr-go-containerregistry-0.20.3-crane",
              "default": true
            },
            {
              "name": "out",
              "path": "/nix/store/rqdvpva1i9dcaai08sbh2a3lgl31kzzm-go-containerregistry-0.20.3",
              "default": true
            },
            {
              "name": "gcrane",
              "path": "/nix/store/wsd49szrrvw2703a5gvkkxsinfs8r037-go-containerregistry-0.20.3-gcrane"
            }
          ],
          "store_path": "/nix/store/66l2fkm6a5mgwbg00z73ljqrq06dpsgr-go-containerregistry-0.20.3-crane"
        },
        "aarch64-linux": {
          "outputs": [
            {
              "name": "crane",
              "path": "/nix/store/nl1jqj9asay0vlqp5bpygy3x0ss7wqdi-go-containerregistry-0.20.3-crane",
              "default": true
            },
            {
              "name": "out",
              "path": "/nix/store/279zyjjlnqvz286kb1ann8vfjw5xnsvr-go-containerregistry-0.20.3",
              "default": true
            },
            {
              "name": "gcrane",
              "path": "/nix/store/lx5yhj36d0hvjv6sznyzm3ng2vbf7rc0-go-containerregistry-0.20.3-gcrane"
            }
          ],
          "store_path": "/nix/store/nl1jqj9asay0vlqp5bpygy3x0ss7wqdi-go-containerregistry-0.20.3-crane"
        },
        "x86_64-darwin": {
          "outputs": [
            {
              "name": "crane",
              "path": "/nix/store/2pccfgxm3y97ix341rcpfjcvcwvz7w53-go-containerregistry-0.20.3-crane",
              "default": true
            },
            {
              "name": "out",
              "path": "/nix/store/380s9jbb7xxbc4y37pmhzm9hfdv1p6xq-go-containerregistry-0.20.3",
              "default": true
            },
            {
              "name": "gcrane",
              "path": "/nix/store/d46y9n8mdx3sfjlb3xqzavyzg3pzd4zy-go-containerregistry-0.20.3-gcrane"
            }
          ],
          "store_path": "/nix/store/2pccfgxm3y97ix341rcpfjcvcwvz7w53-go-containerregistry-0.20.3-crane"
        },
        "x86_64-linux": {
          "outputs": [
            {
              "name": "crane",
              "path": "/nix/store/cvj373b3pc1z2ha2jxwcr73m3fr68bsl-go-containerregistry-0.20.3-crane",
              "default": true
            },
            {
              "name": "out",
              "path": "/nix/store/f9dncvabirvajdfbasj9hs9jyfphfz2b-go-containerregistry-0.20.3",
              "default": true
            },
            {
              "name": "gcrane",
              "path": "/nix/store/cbxqycbnidh5yq0gzhrd6g9hyhim7p5x-go-containerregistry-0.20.3-gcrane"
            }
          ],
          "store_path": "/nix/store/cvj373b3pc1z2ha2jxwcr73m3fr68bsl-go-containerregistry-0.20.3-crane"
        }
      }
    },
    "darwin.Security@latest": {
      "last_modified": "2025-03-11T17:52:14Z",
      "resolved": "github:NixOS/nixpkgs/0d534853a55b5d02a4ababa1d71921ce8f0aee4c#darwin.Security",
      "source": "devbox-search",
      "version": "11.0",
      "systems": {
        "aarch64-linux": {
          "outputs": [
            {
              "name": "out",
              "path": "/nix/store/g330hy6kvh9kcmpllywxada107l6lk3i-Security-11.0",
              "default": true
            }
          ],
          "store_path": "/nix/store/g330hy6kvh9kcmpllywxada107l6lk3i-Security-11.0"
        },
        "x86_64-linux": {
          "outputs": [
            {
              "name": "out",
              "path": "/nix/store/szy6k0c116zlhsbdav1mlq8qh9h1bjvd-Security-11.0",
              "default": true
            }
          ],
          "store_path": "/nix/store/szy6k0c116zlhsbdav1mlq8qh9h1bjvd-Security-11.0"
        }
      }
    },
    "fd@latest": {
      "last_modified": "2025-03-11T17:52:14Z",
      "resolved": "github:NixOS/nixpkgs/0d534853a55b5d02a4ababa1d71921ce8f0aee4c#fd",
      "source": "devbox-search",
      "version": "10.2.0",
      "systems": {
        "aarch64-darwin": {
          "outputs": [
            {
              "name": "out",
              "path": "/nix/store/40pdazk980kp3h26py4hjyx9rys1g14n-fd-10.2.0",
              "default": true
            }
          ],
          "store_path": "/nix/store/40pdazk980kp3h26py4hjyx9rys1g14n-fd-10.2.0"
        },
        "aarch64-linux": {
          "outputs": [
            {
              "name": "out",
              "path": "/nix/store/76zcwa1d33vciy4gyqvk6jl2n3g1542q-fd-10.2.0",
              "default": true
            }
          ],
          "store_path": "/nix/store/76zcwa1d33vciy4gyqvk6jl2n3g1542q-fd-10.2.0"
        },
        "x86_64-darwin": {
          "outputs": [
            {
              "name": "out",
              "path": "/nix/store/ys9qmljs0ag7j040radgg48l6pvjmv9l-fd-10.2.0",
              "default": true
            }
          ],
          "store_path": "/nix/store/ys9qmljs0ag7j040radgg48l6pvjmv9l-fd-10.2.0"
        },
        "x86_64-linux": {
          "outputs": [
            {
              "name": "out",
              "path": "/nix/store/rrdvpl7rym4ia0h7rfz1vmlcvvivj30j-fd-10.2.0",
              "default": true
            }
          ],
          "store_path": "/nix/store/rrdvpl7rym4ia0h7rfz1vmlcvvivj30j-fd-10.2.0"
        }
      }
    },
    "ginkgo@latest": {
      "last_modified": "2025-03-21T08:42:37Z",
      "resolved": "github:NixOS/nixpkgs/bfa9810ff7104a17555ab68ebdeafb6705f129b1#ginkgo",
      "source": "devbox-search",
      "version": "2.23.1",
      "systems": {
        "aarch64-darwin": {
          "outputs": [
            {
              "name": "out",
              "path": "/nix/store/zbv1pkip939avkjk80phck4g70ggldfg-ginkgo-2.23.1",
              "default": true
            }
          ],
          "store_path": "/nix/store/zbv1pkip939avkjk80phck4g70ggldfg-ginkgo-2.23.1"
        },
        "aarch64-linux": {
          "outputs": [
            {
              "name": "out",
              "path": "/nix/store/j1mwy0ajz6phq0q41njgwp6lai1740zc-ginkgo-2.23.1",
              "default": true
            }
          ],
          "store_path": "/nix/store/j1mwy0ajz6phq0q41njgwp6lai1740zc-ginkgo-2.23.1"
        },
        "x86_64-darwin": {
          "outputs": [
            {
              "name": "out",
              "path": "/nix/store/3i37fbzn2zwrlbpd17lp7f4fxkvmgmjp-ginkgo-2.23.1",
              "default": true
            }
          ],
          "store_path": "/nix/store/3i37fbzn2zwrlbpd17lp7f4fxkvmgmjp-ginkgo-2.23.1"
        },
        "x86_64-linux": {
          "outputs": [
            {
              "name": "out",
              "path": "/nix/store/klcv140dxrbg1sf79fyjhkkid2b73lnl-ginkgo-2.23.1",
              "default": true
            }
          ],
          "store_path": "/nix/store/klcv140dxrbg1sf79fyjhkkid2b73lnl-ginkgo-2.23.1"
        }
      }
    },
    "git@latest": {
      "last_modified": "2025-03-27T11:50:31Z",
      "resolved": "github:NixOS/nixpkgs/6c5963357f3c1c840201eda129a99d455074db04#git",
      "source": "devbox-search",
      "version": "2.48.1",
      "systems": {
        "aarch64-darwin": {
          "outputs": [
            {
              "name": "out",
              "path": "/nix/store/b3sci30zzzlj3rzj1y89cijnd6zcwapk-git-2.48.1",
              "default": true
            },
            {
              "name": "doc",
              "path": "/nix/store/086knqdw7fjgzczp0i6nad95s2v6jbya-git-2.48.1-doc"
            }
          ],
          "store_path": "/nix/store/b3sci30zzzlj3rzj1y89cijnd6zcwapk-git-2.48.1"
        },
        "aarch64-linux": {
          "outputs": [
            {
              "name": "out",
              "path": "/nix/store/pck1dr5jxrd5b8nmfasbn13z422jhcfm-git-2.48.1",
              "default": true
            },
            {
              "name": "debug",
              "path": "/nix/store/xqqsvzlilh843rm6knykyng81apapr33-git-2.48.1-debug"
            },
            {
              "name": "doc",
              "path": "/nix/store/485b32ys0s2dvjfisn7405ildmpqvfzk-git-2.48.1-doc"
            }
          ],
          "store_path": "/nix/store/pck1dr5jxrd5b8nmfasbn13z422jhcfm-git-2.48.1"
        },
        "x86_64-darwin": {
          "outputs": [
            {
              "name": "out",
              "path": "/nix/store/9qjzgsf9mvdp6sfd7xyzhgrahl2qhhp6-git-2.48.1",
              "default": true
            },
            {
              "name": "doc",
              "path": "/nix/store/cgv7qa0ix059ma9a0qac0bywfvl3k7k2-git-2.48.1-doc"
            }
          ],
          "store_path": "/nix/store/9qjzgsf9mvdp6sfd7xyzhgrahl2qhhp6-git-2.48.1"
        },
        "x86_64-linux": {
          "outputs": [
            {
              "name": "out",
              "path": "/nix/store/lqx2rv26sdndpa2vyy2vxsahj03km69z-git-2.48.1",
              "default": true
            },
            {
              "name": "doc",
              "path": "/nix/store/hjczhs1dm3hzij7mx5c91rkzqvkb89av-git-2.48.1-doc"
            },
            {
              "name": "debug",
              "path": "/nix/store/bk8xndavdnc2qgyvc6hcc8h29lk9jzqb-git-2.48.1-debug"
            }
          ],
          "store_path": "/nix/store/lqx2rv26sdndpa2vyy2vxsahj03km69z-git-2.48.1"
        }
      }
    },
    "github:NixOS/nixpkgs/nixpkgs-unstable": {
      "last_modified": "2025-04-13T09:22:33Z",
      "resolved": "github:NixOS/nixpkgs/18dd725c29603f582cf1900e0d25f9f1063dbf11?lastModified=1744536153&narHash=sha256-awS2zRgF4uTwrOKwwiJcByDzDOdo3Q1rPZbiHQg%2FN38%3D"
    },
    "gnugrep@latest": {
      "last_modified": "2025-03-11T17:52:14Z",
      "resolved": "github:NixOS/nixpkgs/0d534853a55b5d02a4ababa1d71921ce8f0aee4c#gnugrep",
      "source": "devbox-search",
      "version": "3.11",
      "systems": {
        "aarch64-darwin": {
          "outputs": [
            {
              "name": "out",
              "path": "/nix/store/rc5aqp4axf0qdpr45w3m4mmambk230lk-gnugrep-3.11",
              "default": true
            },
            {
              "name": "info",
              "path": "/nix/store/n402l2x9sii312v7qa3dbyvbaqvqwd7f-gnugrep-3.11-info"
            }
          ],
          "store_path": "/nix/store/rc5aqp4axf0qdpr45w3m4mmambk230lk-gnugrep-3.11"
        },
        "aarch64-linux": {
          "outputs": [
            {
              "name": "out",
              "path": "/nix/store/mablxd907kzvrcz7xqgaj5494c3zvm36-gnugrep-3.11",
              "default": true
            },
            {
              "name": "info",
              "path": "/nix/store/bhbdcysaf647qmagi925rw2hmxm5j6wx-gnugrep-3.11-info"
            }
          ],
          "store_path": "/nix/store/mablxd907kzvrcz7xqgaj5494c3zvm36-gnugrep-3.11"
        },
        "x86_64-darwin": {
          "outputs": [
            {
              "name": "out",
              "path": "/nix/store/my5dwk1fymfjb1s0qr37p9s1sv1zxgzg-gnugrep-3.11",
              "default": true
            },
            {
              "name": "info",
              "path": "/nix/store/q07aryyr1qfqfzr8985g3lzwq5vbhg8d-gnugrep-3.11-info"
            }
          ],
          "store_path": "/nix/store/my5dwk1fymfjb1s0qr37p9s1sv1zxgzg-gnugrep-3.11"
        },
        "x86_64-linux": {
          "outputs": [
            {
              "name": "out",
              "path": "/nix/store/h3xhfhg0vv3k3hvkcwkmdg99r4zm9mcl-gnugrep-3.11",
              "default": true
            },
            {
              "name": "info",
              "path": "/nix/store/yj694hy4qcdly6lxbn9mw68yry3nd16r-gnugrep-3.11-info"
            }
          ],
          "store_path": "/nix/store/h3xhfhg0vv3k3hvkcwkmdg99r4zm9mcl-gnugrep-3.11"
        }
      }
    },
    "gnused@latest": {
      "last_modified": "2025-03-11T17:52:14Z",
      "resolved": "github:NixOS/nixpkgs/0d534853a55b5d02a4ababa1d71921ce8f0aee4c#gnused",
      "source": "devbox-search",
      "version": "4.9",
      "systems": {
        "aarch64-darwin": {
          "outputs": [
            {
              "name": "out",
              "path": "/nix/store/l36ajfp1f0bkj85b5z9bd58nbavp6pjp-gnused-4.9",
              "default": true
            },
            {
              "name": "info",
              "path": "/nix/store/zqjnjbaxb451kh68yh08gslxxq90lp4i-gnused-4.9-info"
            }
          ],
          "store_path": "/nix/store/l36ajfp1f0bkj85b5z9bd58nbavp6pjp-gnused-4.9"
        },
        "aarch64-linux": {
          "outputs": [
            {
              "name": "out",
              "path": "/nix/store/kmfzghfpqmfl98mgx802994q58vys2bf-gnused-4.9",
              "default": true
            },
            {
              "name": "info",
              "path": "/nix/store/rdkw8cmcwr3gqiqwgayp27bhx893i4nn-gnused-4.9-info"
            }
          ],
          "store_path": "/nix/store/kmfzghfpqmfl98mgx802994q58vys2bf-gnused-4.9"
        },
        "x86_64-darwin": {
          "outputs": [
            {
              "name": "out",
              "path": "/nix/store/7142bhav585h987gizv30f3qjbhan0wn-gnused-4.9",
              "default": true
            },
            {
              "name": "info",
              "path": "/nix/store/rjs0jvmajngahs5v91c23065jj5n0icn-gnused-4.9-info"
            }
          ],
          "store_path": "/nix/store/7142bhav585h987gizv30f3qjbhan0wn-gnused-4.9"
        },
        "x86_64-linux": {
          "outputs": [
            {
              "name": "out",
              "path": "/nix/store/l97jblhqk9ga2dl01ysd3wf51mwqcd6s-gnused-4.9",
              "default": true
            },
            {
              "name": "info",
              "path": "/nix/store/nhsypq4v5gs3c92qrjwkgkx239m68nf4-gnused-4.9-info"
            }
          ],
          "store_path": "/nix/store/l97jblhqk9ga2dl01ysd3wf51mwqcd6s-gnused-4.9"
        }
      }
    },
    "go-task@latest": {
      "last_modified": "2025-03-11T17:52:14Z",
      "resolved": "github:NixOS/nixpkgs/0d534853a55b5d02a4ababa1d71921ce8f0aee4c#go-task",
      "source": "devbox-search",
      "version": "3.41.0",
      "systems": {
        "aarch64-darwin": {
          "outputs": [
            {
              "name": "out",
              "path": "/nix/store/kgfbhsp4ixr3kl5m2vhciw8v13czfml6-go-task-3.41.0",
              "default": true
            }
          ],
          "store_path": "/nix/store/kgfbhsp4ixr3kl5m2vhciw8v13czfml6-go-task-3.41.0"
        },
        "aarch64-linux": {
          "outputs": [
            {
              "name": "out",
              "path": "/nix/store/sr9j2rbzia0hq62k5gkwhk0bcmb14ywh-go-task-3.41.0",
              "default": true
            }
          ],
          "store_path": "/nix/store/sr9j2rbzia0hq62k5gkwhk0bcmb14ywh-go-task-3.41.0"
        },
        "x86_64-darwin": {
          "outputs": [
            {
              "name": "out",
              "path": "/nix/store/zgj5m7kkmkml6yg3v4xy0m7ln95z03s3-go-task-3.41.0",
              "default": true
            }
          ],
          "store_path": "/nix/store/zgj5m7kkmkml6yg3v4xy0m7ln95z03s3-go-task-3.41.0"
        },
        "x86_64-linux": {
          "outputs": [
            {
              "name": "out",
              "path": "/nix/store/5q8536rllwzmf8gf6h0jw678pxy7ndbx-go-task-3.41.0",
              "default": true
            }
          ],
          "store_path": "/nix/store/5q8536rllwzmf8gf6h0jw678pxy7ndbx-go-task-3.41.0"
        }
      }
    },
    "go@latest": {
      "last_modified": "2025-03-11T17:52:14Z",
      "resolved": "github:NixOS/nixpkgs/0d534853a55b5d02a4ababa1d71921ce8f0aee4c#go",
      "source": "devbox-search",
      "version": "1.24.1",
      "systems": {
        "aarch64-darwin": {
          "outputs": [
            {
              "name": "out",
              "path": "/nix/store/ja4jxx60lh1qfqfl4z4p2rff56ia1c3c-go-1.24.1",
              "default": true
            }
          ],
          "store_path": "/nix/store/ja4jxx60lh1qfqfl4z4p2rff56ia1c3c-go-1.24.1"
        },
        "aarch64-linux": {
          "outputs": [
            {
              "name": "out",
              "path": "/nix/store/8ply43gnxk1xwichr81mpgbjcd9a1y5w-go-1.24.1",
              "default": true
            }
          ],
          "store_path": "/nix/store/8ply43gnxk1xwichr81mpgbjcd9a1y5w-go-1.24.1"
        },
        "x86_64-darwin": {
          "outputs": [
            {
              "name": "out",
              "path": "/nix/store/87yxrfx5lh78bdz393i33cr5z23x06q4-go-1.24.1",
              "default": true
            }
          ],
          "store_path": "/nix/store/87yxrfx5lh78bdz393i33cr5z23x06q4-go-1.24.1"
        },
        "x86_64-linux": {
          "outputs": [
            {
              "name": "out",
              "path": "/nix/store/cfjhl0kn7xc65466pha9fkrvigw3g72n-go-1.24.1",
              "default": true
            }
          ],
          "store_path": "/nix/store/cfjhl0kn7xc65466pha9fkrvigw3g72n-go-1.24.1"
        }
      }
    },
    "gojq@latest": {
      "last_modified": "2025-03-11T17:52:14Z",
      "resolved": "github:NixOS/nixpkgs/0d534853a55b5d02a4ababa1d71921ce8f0aee4c#gojq",
      "source": "devbox-search",
      "version": "0.12.17",
      "systems": {
        "aarch64-darwin": {
          "outputs": [
            {
              "name": "out",
              "path": "/nix/store/mqkmfyfvsws7sikhfq3bfpqqbi3k67sk-gojq-0.12.17",
              "default": true
            }
          ],
          "store_path": "/nix/store/mqkmfyfvsws7sikhfq3bfpqqbi3k67sk-gojq-0.12.17"
        },
        "aarch64-linux": {
          "outputs": [
            {
              "name": "out",
              "path": "/nix/store/qk5a8rqmnav5j69d3ygsl15lwmb1jqak-gojq-0.12.17",
              "default": true
            }
          ],
          "store_path": "/nix/store/qk5a8rqmnav5j69d3ygsl15lwmb1jqak-gojq-0.12.17"
        },
        "x86_64-darwin": {
          "outputs": [
            {
              "name": "out",
              "path": "/nix/store/hy0kb8vl9d49vmfqh8ik01b5i97cdhan-gojq-0.12.17",
              "default": true
            }
          ],
          "store_path": "/nix/store/hy0kb8vl9d49vmfqh8ik01b5i97cdhan-gojq-0.12.17"
        },
        "x86_64-linux": {
          "outputs": [
            {
              "name": "out",
              "path": "/nix/store/3psq63jp8qbgsp3dys2y15bmagmrqzcy-gojq-0.12.17",
              "default": true
            }
          ],
          "store_path": "/nix/store/3psq63jp8qbgsp3dys2y15bmagmrqzcy-gojq-0.12.17"
        }
      }
    },
    "goreleaser@latest": {
      "last_modified": "2025-03-21T08:42:37Z",
      "resolved": "github:NixOS/nixpkgs/bfa9810ff7104a17555ab68ebdeafb6705f129b1#goreleaser",
      "source": "devbox-search",
      "version": "2.8.1",
      "systems": {
        "aarch64-darwin": {
          "outputs": [
            {
              "name": "out",
              "path": "/nix/store/v7qnqs17cdszl6mkw39mpk8ww0b70gbw-goreleaser-2.8.1",
              "default": true
            }
          ],
          "store_path": "/nix/store/v7qnqs17cdszl6mkw39mpk8ww0b70gbw-goreleaser-2.8.1"
        },
        "aarch64-linux": {
          "outputs": [
            {
              "name": "out",
              "path": "/nix/store/6z2mvd1b1g9nqnw0fsdcq786ik99888b-goreleaser-2.8.1",
              "default": true
            }
          ],
          "store_path": "/nix/store/6z2mvd1b1g9nqnw0fsdcq786ik99888b-goreleaser-2.8.1"
        },
        "x86_64-darwin": {
          "outputs": [
            {
              "name": "out",
              "path": "/nix/store/nz3y3dyv5n1jrbirbxp578jambyl53wm-goreleaser-2.8.1",
              "default": true
            }
          ],
          "store_path": "/nix/store/nz3y3dyv5n1jrbirbxp578jambyl53wm-goreleaser-2.8.1"
        },
        "x86_64-linux": {
          "outputs": [
            {
              "name": "out",
              "path": "/nix/store/xbcigyqhs33mzg1hqy8i8chj7v5v2x2z-goreleaser-2.8.1",
              "default": true
            }
          ],
          "store_path": "/nix/store/xbcigyqhs33mzg1hqy8i8chj7v5v2x2z-goreleaser-2.8.1"
        }
      }
    },
    "gotestsum@latest": {
      "last_modified": "2025-03-11T17:52:14Z",
      "resolved": "github:NixOS/nixpkgs/0d534853a55b5d02a4ababa1d71921ce8f0aee4c#gotestsum",
      "source": "devbox-search",
      "version": "1.12.0-unstable-2024-09-17",
      "systems": {
        "aarch64-darwin": {
          "outputs": [
            {
              "name": "out",
              "path": "/nix/store/93kwis02c81bwh382s1vdmsqp7s886fl-gotestsum-1.12.0-unstable-2024-09-17",
              "default": true
            }
          ],
          "store_path": "/nix/store/93kwis02c81bwh382s1vdmsqp7s886fl-gotestsum-1.12.0-unstable-2024-09-17"
        },
        "aarch64-linux": {
          "outputs": [
            {
              "name": "out",
              "path": "/nix/store/nhnkprky0cdz9060mjwg74m0faj3znk4-gotestsum-1.12.0-unstable-2024-09-17",
              "default": true
            }
          ],
          "store_path": "/nix/store/nhnkprky0cdz9060mjwg74m0faj3znk4-gotestsum-1.12.0-unstable-2024-09-17"
        },
        "x86_64-darwin": {
          "outputs": [
            {
              "name": "out",
              "path": "/nix/store/j4x56yii1plcsbw886sdcxizv1623w7p-gotestsum-1.12.0-unstable-2024-09-17",
              "default": true
            }
          ],
          "store_path": "/nix/store/j4x56yii1plcsbw886sdcxizv1623w7p-gotestsum-1.12.0-unstable-2024-09-17"
        },
        "x86_64-linux": {
          "outputs": [
            {
              "name": "out",
              "path": "/nix/store/miiv2k7mps90l2r44iwv2g2rpvh515k5-gotestsum-1.12.0-unstable-2024-09-17",
              "default": true
            }
          ],
          "store_path": "/nix/store/miiv2k7mps90l2r44iwv2g2rpvh515k5-gotestsum-1.12.0-unstable-2024-09-17"
        }
      }
    },
    "govulncheck@latest": {
      "last_modified": "2025-03-11T17:52:14Z",
      "resolved": "github:NixOS/nixpkgs/0d534853a55b5d02a4ababa1d71921ce8f0aee4c#govulncheck",
      "source": "devbox-search",
      "version": "1.1.4",
      "systems": {
        "aarch64-darwin": {
          "outputs": [
            {
              "name": "out",
              "path": "/nix/store/36sfc9vi74pc9dwahxjy85i3k1z13nvi-govulncheck-1.1.4",
              "default": true
            }
          ],
          "store_path": "/nix/store/36sfc9vi74pc9dwahxjy85i3k1z13nvi-govulncheck-1.1.4"
        },
        "aarch64-linux": {
          "outputs": [
            {
              "name": "out",
              "path": "/nix/store/797qvqyn6a7a4s8p71bdimwa7b5dbzwx-govulncheck-1.1.4",
              "default": true
            }
          ],
          "store_path": "/nix/store/797qvqyn6a7a4s8p71bdimwa7b5dbzwx-govulncheck-1.1.4"
        },
        "x86_64-darwin": {
          "outputs": [
            {
              "name": "out",
              "path": "/nix/store/c1p4jrmjzprpp87wz91h2jmj4zk9nvkl-govulncheck-1.1.4",
              "default": true
            }
          ],
          "store_path": "/nix/store/c1p4jrmjzprpp87wz91h2jmj4zk9nvkl-govulncheck-1.1.4"
        },
        "x86_64-linux": {
          "outputs": [
            {
              "name": "out",
              "path": "/nix/store/ngl9s33bagc9a10fnfgwmbldy91p8iww-govulncheck-1.1.4",
              "default": true
            }
          ],
          "store_path": "/nix/store/ngl9s33bagc9a10fnfgwmbldy91p8iww-govulncheck-1.1.4"
        }
      }
    },
    "ko@latest": {
      "last_modified": "2025-03-11T17:52:14Z",
      "resolved": "github:NixOS/nixpkgs/0d534853a55b5d02a4ababa1d71921ce8f0aee4c#ko",
      "source": "devbox-search",
      "version": "0.15.4",
      "systems": {
        "aarch64-darwin": {
          "outputs": [
            {
              "name": "out",
              "path": "/nix/store/8hdcyizhzcz7wwzck6xpqk5r4cjwsvlc-ko-0.15.4",
              "default": true
            }
          ],
          "store_path": "/nix/store/8hdcyizhzcz7wwzck6xpqk5r4cjwsvlc-ko-0.15.4"
        },
        "aarch64-linux": {
          "outputs": [
            {
              "name": "out",
              "path": "/nix/store/p9j9967p5mc9l2y26pk1iv2xjcv4603w-ko-0.15.4",
              "default": true
            }
          ],
          "store_path": "/nix/store/p9j9967p5mc9l2y26pk1iv2xjcv4603w-ko-0.15.4"
        },
        "x86_64-darwin": {
          "outputs": [
            {
              "name": "out",
              "path": "/nix/store/4r7pa0ys5bgpckq5rmd4y22hwv1gwbgh-ko-0.15.4",
              "default": true
            }
          ],
          "store_path": "/nix/store/4r7pa0ys5bgpckq5rmd4y22hwv1gwbgh-ko-0.15.4"
        },
        "x86_64-linux": {
          "outputs": [
            {
              "name": "out",
              "path": "/nix/store/qnfz3c3zq9an62aaai0zz890pyd0yf6v-ko-0.15.4",
              "default": true
            }
          ],
          "store_path": "/nix/store/qnfz3c3zq9an62aaai0zz890pyd0yf6v-ko-0.15.4"
        }
      }
    },
    "kubernetes-helm@latest": {
      "last_modified": "2025-03-16T16:17:41Z",
      "resolved": "github:NixOS/nixpkgs/8f76cf16b17c51ae0cc8e55488069593f6dab645#kubernetes-helm",
      "source": "devbox-search",
      "version": "3.17.2",
      "systems": {
        "aarch64-darwin": {
          "outputs": [
            {
              "name": "out",
              "path": "/nix/store/0zb6130k4msbr1dnjh3bi8h0930mdzfi-kubernetes-helm-3.17.2",
              "default": true
            }
          ],
          "store_path": "/nix/store/0zb6130k4msbr1dnjh3bi8h0930mdzfi-kubernetes-helm-3.17.2"
        },
        "aarch64-linux": {
          "outputs": [
            {
              "name": "out",
              "path": "/nix/store/j3rj0k8ry052m17gk81cab5fp39jnxb1-kubernetes-helm-3.17.2",
              "default": true
            }
          ],
          "store_path": "/nix/store/j3rj0k8ry052m17gk81cab5fp39jnxb1-kubernetes-helm-3.17.2"
        },
        "x86_64-darwin": {
          "outputs": [
            {
              "name": "out",
              "path": "/nix/store/r10crkfz1nfn5yq18670jbsbjf09l4fg-kubernetes-helm-3.17.2",
              "default": true
            }
          ],
          "store_path": "/nix/store/r10crkfz1nfn5yq18670jbsbjf09l4fg-kubernetes-helm-3.17.2"
        },
        "x86_64-linux": {
          "outputs": [
            {
              "name": "out",
              "path": "/nix/store/0lhjm5b1k49rsirsrvsqasbrv1im6w6j-kubernetes-helm-3.17.2",
              "default": true
            }
          ],
          "store_path": "/nix/store/0lhjm5b1k49rsirsrvsqasbrv1im6w6j-kubernetes-helm-3.17.2"
        }
      }
    },
    "pre-commit@latest": {
      "last_modified": "2025-03-23T14:04:58Z",
      "resolved": "github:NixOS/nixpkgs/f3a2a0601e9669a6e38af25b46ce6c4563bcb6da#pre-commit",
      "source": "devbox-search",
      "version": "4.0.1",
      "systems": {
        "aarch64-darwin": {
          "outputs": [
            {
              "name": "out",
              "path": "/nix/store/pzpq71v0n2bz0kbq564f1rpbkvxpm806-pre-commit-4.0.1",
              "default": true
            },
            {
              "name": "dist",
              "path": "/nix/store/apb3rhddwh7dsrcck3z4gjrp1wvbnj15-pre-commit-4.0.1-dist"
            }
          ],
          "store_path": "/nix/store/pzpq71v0n2bz0kbq564f1rpbkvxpm806-pre-commit-4.0.1"
        },
        "aarch64-linux": {
          "outputs": [
            {
              "name": "out",
              "path": "/nix/store/4v96c7s6q8hf2qb6xvswxsi889p2685f-pre-commit-4.0.1",
              "default": true
            },
            {
              "name": "dist",
              "path": "/nix/store/0wgwippsj2rmf14g2x4kiliar10gsmvw-pre-commit-4.0.1-dist"
            }
          ],
          "store_path": "/nix/store/4v96c7s6q8hf2qb6xvswxsi889p2685f-pre-commit-4.0.1"
        },
        "x86_64-darwin": {
          "outputs": [
            {
              "name": "out",
              "path": "/nix/store/a2k5j6cqljj3mc3l0g78kjz4shzf5qfd-pre-commit-4.0.1",
              "default": true
            },
            {
              "name": "dist",
              "path": "/nix/store/fxcbjldzbkhfywgnas64yiidgllnsd1f-pre-commit-4.0.1-dist"
            }
          ],
          "store_path": "/nix/store/a2k5j6cqljj3mc3l0g78kjz4shzf5qfd-pre-commit-4.0.1"
        },
        "x86_64-linux": {
          "outputs": [
            {
              "name": "out",
              "path": "/nix/store/kb01yi27frzjk7hhxmlihihmzk1q3vgx-pre-commit-4.0.1",
              "default": true
            },
            {
              "name": "dist",
              "path": "/nix/store/wz5an2d6397zfq6mqgi964r5k4b602dv-pre-commit-4.0.1-dist"
            }
          ],
          "store_path": "/nix/store/kb01yi27frzjk7hhxmlihihmzk1q3vgx-pre-commit-4.0.1"
        }
      }
    },
    "shfmt@latest": {
      "last_modified": "2025-03-11T17:52:14Z",
      "resolved": "github:NixOS/nixpkgs/0d534853a55b5d02a4ababa1d71921ce8f0aee4c#shfmt",
      "source": "devbox-search",
      "version": "3.11.0",
      "systems": {
        "aarch64-darwin": {
          "outputs": [
            {
              "name": "out",
              "path": "/nix/store/dpz2228wk87vdskpbq8v5mj3mhccmkyj-shfmt-3.11.0",
              "default": true
            }
          ],
          "store_path": "/nix/store/dpz2228wk87vdskpbq8v5mj3mhccmkyj-shfmt-3.11.0"
        },
        "aarch64-linux": {
          "outputs": [
            {
              "name": "out",
              "path": "/nix/store/s7qsx4qrmhbigw4q49a6cjlgzgzhlxnk-shfmt-3.11.0",
              "default": true
            }
          ],
          "store_path": "/nix/store/s7qsx4qrmhbigw4q49a6cjlgzgzhlxnk-shfmt-3.11.0"
        },
        "x86_64-darwin": {
          "outputs": [
            {
              "name": "out",
              "path": "/nix/store/r7941fj3jpspv8qp1l0w35h2pyjg26b5-shfmt-3.11.0",
              "default": true
            }
          ],
          "store_path": "/nix/store/r7941fj3jpspv8qp1l0w35h2pyjg26b5-shfmt-3.11.0"
        },
        "x86_64-linux": {
          "outputs": [
            {
              "name": "out",
              "path": "/nix/store/vbmfndxpvgxryk8byym2wvmgpxpssp0a-shfmt-3.11.0",
              "default": true
            }
          ],
          "store_path": "/nix/store/vbmfndxpvgxryk8byym2wvmgpxpssp0a-shfmt-3.11.0"
        }
      }
    },
    "upx@latest": {
      "last_modified": "2025-03-11T17:52:14Z",
      "resolved": "github:NixOS/nixpkgs/0d534853a55b5d02a4ababa1d71921ce8f0aee4c#upx",
      "source": "devbox-search",
      "version": "5.0.0",
      "systems": {
        "aarch64-darwin": {
          "outputs": [
            {
              "name": "out",
              "path": "/nix/store/3y0mx9pq7iw1jzsqcldqhbc0mdl46ja2-upx-5.0.0",
              "default": true
            }
          ],
          "store_path": "/nix/store/3y0mx9pq7iw1jzsqcldqhbc0mdl46ja2-upx-5.0.0"
        },
        "aarch64-linux": {
          "outputs": [
            {
              "name": "out",
              "path": "/nix/store/d7cv330kjvpbpzn7xznwhc3siygm14mx-upx-5.0.0",
              "default": true
            }
          ],
          "store_path": "/nix/store/d7cv330kjvpbpzn7xznwhc3siygm14mx-upx-5.0.0"
        },
        "x86_64-darwin": {
          "outputs": [
            {
              "name": "out",
              "path": "/nix/store/pk2h53m70gad0065awkrwr035sa1xn73-upx-5.0.0",
              "default": true
            }
          ],
          "store_path": "/nix/store/pk2h53m70gad0065awkrwr035sa1xn73-upx-5.0.0"
        },
        "x86_64-linux": {
          "outputs": [
            {
              "name": "out",
              "path": "/nix/store/xvfyh4jf43ng36zqnkc6vdl1xwsmb6sk-upx-5.0.0",
              "default": true
            }
          ],
          "store_path": "/nix/store/xvfyh4jf43ng36zqnkc6vdl1xwsmb6sk-upx-5.0.0"
        }
      }
    }
  }
}
