{
  "lockfile_version": "1",
  "packages": {
    "actionlint@latest": {
      "last_modified": "2025-03-13T11:38:39Z",
      "resolved": "github:NixOS/nixpkgs/573c650e8a14b2faa0041645ab18aed7e60f0c9a#actionlint",
      "source": "devbox-search",
      "version": "1.7.7",
      "systems": {
        "aarch64-darwin": {
          "outputs": [
            {
              "name": "out",
              "path": "/nix/store/bfhlj1p9app1l704lsrnq9f4835vvsn6-actionlint-1.7.7",
              "default": true
            }
          ],
          "store_path": "/nix/store/bfhlj1p9app1l704lsrnq9f4835vvsn6-actionlint-1.7.7"
        },
        "aarch64-linux": {
          "outputs": [
            {
              "name": "out",
              "path": "/nix/store/6gmjnfs7n7djpmzxfgqvz6b3d062i40k-actionlint-1.7.7",
              "default": true
            }
          ],
          "store_path": "/nix/store/6gmjnfs7n7djpmzxfgqvz6b3d062i40k-actionlint-1.7.7"
        },
        "x86_64-darwin": {
          "outputs": [
            {
              "name": "out",
              "path": "/nix/store/g6j5xpk8l07hhj8r042qx0fv1vni9fnx-actionlint-1.7.7",
              "default": true
            }
          ],
          "store_path": "/nix/store/g6j5xpk8l07hhj8r042qx0fv1vni9fnx-actionlint-1.7.7"
        },
        "x86_64-linux": {
          "outputs": [
            {
              "name": "out",
              "path": "/nix/store/035hgpi3philn8x29bknnzbrzwpj7m9n-actionlint-1.7.7",
              "default": true
            }
          ],
          "store_path": "/nix/store/035hgpi3philn8x29bknnzbrzwpj7m9n-actionlint-1.7.7"
        }
      }
    },
    "coreutils@latest": {
      "last_modified": "2025-04-12T15:53:49Z",
      "resolved": "github:NixOS/nixpkgs/52d0eded529af34e91df6b2a2bc32eb636637cd2#coreutils",
      "source": "devbox-search",
      "version": "9.6",
      "systems": {
        "aarch64-darwin": {
          "outputs": [
            {
              "name": "out",
              "path": "/nix/store/4idwmksk4s5bdmzl1sz1z17bj0yfqgkj-coreutils-9.6",
              "default": true
            },
            {
              "name": "info",
              "path": "/nix/store/k0hz5d3y6f6lk8mgzlggw6rqhdw65y56-coreutils-9.6-info"
            }
          ],
          "store_path": "/nix/store/4idwmksk4s5bdmzl1sz1z17bj0yfqgkj-coreutils-9.6"
        },
        "aarch64-linux": {
          "outputs": [
            {
              "name": "out",
              "path": "/nix/store/ch9dmykfvimybpb0qm7ppi3zap8fx5s0-coreutils-9.6",
              "default": true
            },
            {
              "name": "debug",
              "path": "/nix/store/r82rf3iq14gpcgn134snrrvjfc7cwxhs-coreutils-9.6-debug"
            },
            {
              "name": "info",
              "path": "/nix/store/zi75ncfk3kanibc2rz5ym2vdf1ph47q7-coreutils-9.6-info"
            }
          ],
          "store_path": "/nix/store/ch9dmykfvimybpb0qm7ppi3zap8fx5s0-coreutils-9.6"
        },
        "x86_64-darwin": {
          "outputs": [
            {
              "name": "out",
              "path": "/nix/store/dylz6jypr1wcicja4d64gsgl5ncqwl5y-coreutils-9.6",
              "default": true
            },
            {
              "name": "info",
              "path": "/nix/store/35b050qms17afzs3hspjcmmc5knvnlds-coreutils-9.6-info"
            }
          ],
          "store_path": "/nix/store/dylz6jypr1wcicja4d64gsgl5ncqwl5y-coreutils-9.6"
        },
        "x86_64-linux": {
          "outputs": [
            {
              "name": "out",
              "path": "/nix/store/yh6qg1nsi5h2xblcr67030pz58fsaxx3-coreutils-9.6",
              "default": true
            },
            {
              "name": "debug",
              "path": "/nix/store/m6z0fyhip7nhls7bg65fzdpnzb4dyw42-coreutils-9.6-debug"
            },
            {
              "name": "info",
              "path": "/nix/store/g1jlc3r1ca84cw21kggs3cq3vr677rhr-coreutils-9.6-info"
            }
          ],
          "store_path": "/nix/store/yh6qg1nsi5h2xblcr67030pz58fsaxx3-coreutils-9.6"
        }
      }
    },
    "crane@latest": {
      "last_modified": "2025-03-11T17:52:14Z",
      "resolved": "github:NixOS/nixpkgs/0d534853a55b5d02a4ababa1d71921ce8f0aee4c#crane",
      "source": "devbox-search",
      "version": "0.20.3",
      "systems": {
        "aarch64-darwin": {
          "outputs": [
            {
              "name": "crane",
              "path": "/nix/store/8pdax76aw49azbdr3daly34jx9bz4z0w-go-containerregistry-0.20.3-crane",
              "default": true
            },
            {
              "name": "out",
              "path": "/nix/store/xqksfbral52wk4lf0rdwdyw3q6wsg228-go-containerregistry-0.20.3",
              "default": true
            },
            {
              "name": "gcrane",
              "path": "/nix/store/4idfpvvm0zrc0armix7vvilmjjmpx9vz-go-containerregistry-0.20.3-gcrane"
            }
          ],
          "store_path": "/nix/store/8pdax76aw49azbdr3daly34jx9bz4z0w-go-containerregistry-0.20.3-crane"
        },
        "aarch64-linux": {
          "outputs": [
            {
              "name": "crane",
              "path": "/nix/store/nl1jqj9asay0vlqp5bpygy3x0ss7wqdi-go-containerregistry-0.20.3-crane",
              "default": true
            },
            {
              "name": "out",
              "path": "/nix/store/279zyjjlnqvz286kb1ann8vfjw5xnsvr-go-containerregistry-0.20.3",
              "default": true
            },
            {
              "name": "gcrane",
              "path": "/nix/store/lx5yhj36d0hvjv6sznyzm3ng2vbf7rc0-go-containerregistry-0.20.3-gcrane"
            }
          ],
          "store_path": "/nix/store/nl1jqj9asay0vlqp5bpygy3x0ss7wqdi-go-containerregistry-0.20.3-crane"
        },
        "x86_64-darwin": {
          "outputs": [
            {
              "name": "crane",
              "path": "/nix/store/nv47hagclsmfd1yc7wjk6vlsz7w6m614-go-containerregistry-0.20.3-crane",
              "default": true
            },
            {
              "name": "out",
              "path": "/nix/store/fxxmk2314c284pc7dmfhylhjgqjanr10-go-containerregistry-0.20.3",
              "default": true
            },
            {
              "name": "gcrane",
              "path": "/nix/store/zrzm49k458gzmswcdbr9lwl0pzrh4l4b-go-containerregistry-0.20.3-gcrane"
            }
          ],
          "store_path": "/nix/store/nv47hagclsmfd1yc7wjk6vlsz7w6m614-go-containerregistry-0.20.3-crane"
        },
        "x86_64-linux": {
          "outputs": [
            {
              "name": "crane",
              "path": "/nix/store/cvj373b3pc1z2ha2jxwcr73m3fr68bsl-go-containerregistry-0.20.3-crane",
              "default": true
            },
            {
              "name": "out",
              "path": "/nix/store/f9dncvabirvajdfbasj9hs9jyfphfz2b-go-containerregistry-0.20.3",
              "default": true
            },
            {
              "name": "gcrane",
              "path": "/nix/store/cbxqycbnidh5yq0gzhrd6g9hyhim7p5x-go-containerregistry-0.20.3-gcrane"
            }
          ],
          "store_path": "/nix/store/cvj373b3pc1z2ha2jxwcr73m3fr68bsl-go-containerregistry-0.20.3-crane"
        }
      }
    },
    "darwin.Security@latest": {
      "last_modified": "2025-04-01T20:08:20Z",
      "resolved": "github:NixOS/nixpkgs/b9d43b3fe5152d1dc5783a2ba865b2a03388b741#darwin.Security",
      "source": "devbox-search",
      "version": "11.0",
      "systems": {
        "aarch64-linux": {
          "outputs": [
            {
              "name": "out",
              "path": "/nix/store/wjmihk703jx7dgcmrzcnbs8w7ppm1grf-Security-11.0",
              "default": true
            }
          ],
          "store_path": "/nix/store/wjmihk703jx7dgcmrzcnbs8w7ppm1grf-Security-11.0"
        },
        "x86_64-linux": {
          "outputs": [
            {
              "name": "out",
              "path": "/nix/store/bc2h6pdmiv75kj80hck6yzy4dbq98cbq-Security-11.0",
              "default": true
            }
          ],
          "store_path": "/nix/store/bc2h6pdmiv75kj80hck6yzy4dbq98cbq-Security-11.0"
        }
      }
    },
    "fd@latest": {
      "last_modified": "2025-03-11T17:52:14Z",
      "resolved": "github:NixOS/nixpkgs/0d534853a55b5d02a4ababa1d71921ce8f0aee4c#fd",
      "source": "devbox-search",
      "version": "10.2.0",
      "systems": {
        "aarch64-darwin": {
          "outputs": [
            {
              "name": "out",
              "path": "/nix/store/40pdazk980kp3h26py4hjyx9rys1g14n-fd-10.2.0",
              "default": true
            }
          ],
          "store_path": "/nix/store/40pdazk980kp3h26py4hjyx9rys1g14n-fd-10.2.0"
        },
        "aarch64-linux": {
          "outputs": [
            {
              "name": "out",
              "path": "/nix/store/5630caghvhcy80a7dz2kh6ihsygcrmfs-fd-10.2.0",
              "default": true
            }
          ],
          "store_path": "/nix/store/5630caghvhcy80a7dz2kh6ihsygcrmfs-fd-10.2.0"
        },
        "x86_64-darwin": {
          "outputs": [
            {
              "name": "out",
              "path": "/nix/store/zzbdlycw7iqyv6rhx7casyc9zjwxzfqk-fd-10.2.0",
              "default": true
            }
          ],
          "store_path": "/nix/store/zzbdlycw7iqyv6rhx7casyc9zjwxzfqk-fd-10.2.0"
        },
        "x86_64-linux": {
          "outputs": [
            {
              "name": "out",
              "path": "/nix/store/rrdvpl7rym4ia0h7rfz1vmlcvvivj30j-fd-10.2.0",
              "default": true
            }
          ],
          "store_path": "/nix/store/rrdvpl7rym4ia0h7rfz1vmlcvvivj30j-fd-10.2.0"
        }
      }
    },
    "ginkgo@latest": {
      "last_modified": "2025-04-11T04:58:38Z",
      "resolved": "github:NixOS/nixpkgs/642c54c23609fefb5708b0e2be261446c59138f6#ginkgo",
      "source": "devbox-search",
      "version": "2.23.4",
      "systems": {
        "aarch64-darwin": {
          "outputs": [
            {
              "name": "out",
              "path": "/nix/store/6jadzsk1ail6yk4r8vxrfj8wdfh5sbd1-ginkgo-2.23.4",
              "default": true
            }
          ],
          "store_path": "/nix/store/6jadzsk1ail6yk4r8vxrfj8wdfh5sbd1-ginkgo-2.23.4"
        },
        "aarch64-linux": {
          "outputs": [
            {
              "name": "out",
              "path": "/nix/store/l81bk4wbp2bidvxbwq9bv7lqkifksp3g-ginkgo-2.23.4",
              "default": true
            }
          ],
          "store_path": "/nix/store/l81bk4wbp2bidvxbwq9bv7lqkifksp3g-ginkgo-2.23.4"
        },
        "x86_64-darwin": {
          "outputs": [
            {
              "name": "out",
              "path": "/nix/store/daixhlyywv99fwb7vj566s4hfn0741ds-ginkgo-2.23.4",
              "default": true
            }
          ],
          "store_path": "/nix/store/daixhlyywv99fwb7vj566s4hfn0741ds-ginkgo-2.23.4"
        },
        "x86_64-linux": {
          "outputs": [
            {
              "name": "out",
              "path": "/nix/store/rkl11pk4dgrdf1j7r13qlmlhfmxv556l-ginkgo-2.23.4",
              "default": true
            }
          ],
          "store_path": "/nix/store/rkl11pk4dgrdf1j7r13qlmlhfmxv556l-ginkgo-2.23.4"
        }
      }
    },
    "git@latest": {
      "last_modified": "2025-04-13T09:22:33Z",
      "resolved": "github:NixOS/nixpkgs/18dd725c29603f582cf1900e0d25f9f1063dbf11#git",
      "source": "devbox-search",
      "version": "2.48.1",
      "systems": {
        "aarch64-darwin": {
          "outputs": [
            {
              "name": "out",
              "path": "/nix/store/b3sci30zzzlj3rzj1y89cijnd6zcwapk-git-2.48.1",
              "default": true
            },
            {
              "name": "doc",
              "path": "/nix/store/086knqdw7fjgzczp0i6nad95s2v6jbya-git-2.48.1-doc"
            }
          ],
          "store_path": "/nix/store/b3sci30zzzlj3rzj1y89cijnd6zcwapk-git-2.48.1"
        },
        "aarch64-linux": {
          "outputs": [
            {
              "name": "out",
              "path": "/nix/store/pck1dr5jxrd5b8nmfasbn13z422jhcfm-git-2.48.1",
              "default": true
            },
            {
              "name": "debug",
              "path": "/nix/store/xqqsvzlilh843rm6knykyng81apapr33-git-2.48.1-debug"
            },
            {
              "name": "doc",
              "path": "/nix/store/485b32ys0s2dvjfisn7405ildmpqvfzk-git-2.48.1-doc"
            }
          ],
          "store_path": "/nix/store/pck1dr5jxrd5b8nmfasbn13z422jhcfm-git-2.48.1"
        },
        "x86_64-darwin": {
          "outputs": [
            {
              "name": "out",
              "path": "/nix/store/9qjzgsf9mvdp6sfd7xyzhgrahl2qhhp6-git-2.48.1",
              "default": true
            },
            {
              "name": "doc",
              "path": "/nix/store/cgv7qa0ix059ma9a0qac0bywfvl3k7k2-git-2.48.1-doc"
            }
          ],
          "store_path": "/nix/store/9qjzgsf9mvdp6sfd7xyzhgrahl2qhhp6-git-2.48.1"
        },
        "x86_64-linux": {
          "outputs": [
            {
              "name": "out",
              "path": "/nix/store/lqx2rv26sdndpa2vyy2vxsahj03km69z-git-2.48.1",
              "default": true
            },
            {
              "name": "doc",
              "path": "/nix/store/hjczhs1dm3hzij7mx5c91rkzqvkb89av-git-2.48.1-doc"
            },
            {
              "name": "debug",
              "path": "/nix/store/bk8xndavdnc2qgyvc6hcc8h29lk9jzqb-git-2.48.1-debug"
            }
          ],
          "store_path": "/nix/store/lqx2rv26sdndpa2vyy2vxsahj03km69z-git-2.48.1"
        }
      }
    },
    "github:NixOS/nixpkgs/nixpkgs-unstable": {
      "last_modified": "2025-05-03T19:26:05Z",
      "resolved": "github:NixOS/nixpkgs/f21e4546e3ede7ae34d12a84602a22246b31f7e0?lastModified=1746300365&narHash=sha256-thYTdWqCRipwPRxWiTiH1vusLuAy0okjOyzRx4hLWh4%3D"
    },
    "gnugrep@latest": {
      "last_modified": "2025-03-11T17:52:14Z",
      "resolved": "github:NixOS/nixpkgs/0d534853a55b5d02a4ababa1d71921ce8f0aee4c#gnugrep",
      "source": "devbox-search",
      "version": "3.11",
      "systems": {
        "aarch64-darwin": {
          "outputs": [
            {
              "name": "out",
              "path": "/nix/store/rc5aqp4axf0qdpr45w3m4mmambk230lk-gnugrep-3.11",
              "default": true
            },
            {
              "name": "info",
              "path": "/nix/store/n402l2x9sii312v7qa3dbyvbaqvqwd7f-gnugrep-3.11-info"
            }
          ],
          "store_path": "/nix/store/rc5aqp4axf0qdpr45w3m4mmambk230lk-gnugrep-3.11"
        },
        "aarch64-linux": {
          "outputs": [
            {
              "name": "out",
              "path": "/nix/store/gw3h5zcfniw3dv106s9bimbhp2aspjhq-gnugrep-3.11",
              "default": true
            },
            {
              "name": "info",
              "path": "/nix/store/y0cfpqfgjqifav9a0f81p61dg4ynqfzl-gnugrep-3.11-info"
            }
          ],
          "store_path": "/nix/store/gw3h5zcfniw3dv106s9bimbhp2aspjhq-gnugrep-3.11"
        },
        "x86_64-darwin": {
          "outputs": [
            {
              "name": "out",
              "path": "/nix/store/3r41166bm869yipvsd0xhpwqf6378p1h-gnugrep-3.11",
              "default": true
            },
            {
              "name": "info",
              "path": "/nix/store/kk87f2k2nxiwlrm648nbhrvsygqzpnyk-gnugrep-3.11-info"
            }
          ],
          "store_path": "/nix/store/3r41166bm869yipvsd0xhpwqf6378p1h-gnugrep-3.11"
        },
        "x86_64-linux": {
          "outputs": [
            {
              "name": "out",
              "path": "/nix/store/h3xhfhg0vv3k3hvkcwkmdg99r4zm9mcl-gnugrep-3.11",
              "default": true
            },
            {
              "name": "info",
              "path": "/nix/store/yj694hy4qcdly6lxbn9mw68yry3nd16r-gnugrep-3.11-info"
            }
          ],
          "store_path": "/nix/store/h3xhfhg0vv3k3hvkcwkmdg99r4zm9mcl-gnugrep-3.11"
        }
      }
    },
    "gnused@latest": {
      "last_modified": "2025-03-11T17:52:14Z",
      "resolved": "github:NixOS/nixpkgs/0d534853a55b5d02a4ababa1d71921ce8f0aee4c#gnused",
      "source": "devbox-search",
      "version": "4.9",
      "systems": {
        "aarch64-darwin": {
          "outputs": [
            {
              "name": "out",
              "path": "/nix/store/pj9bj4cczgxwzgvgzjlgz5kzifwsh4ky-gnused-4.9",
              "default": true
            },
            {
              "name": "info",
              "path": "/nix/store/xcw6cljkzgpw1nlkkymwhbcy41027wgs-gnused-4.9-info"
            }
          ],
          "store_path": "/nix/store/pj9bj4cczgxwzgvgzjlgz5kzifwsh4ky-gnused-4.9"
        },
        "aarch64-linux": {
          "outputs": [
            {
              "name": "out",
              "path": "/nix/store/4c59cgm460f3sjk7964vf50lm22cvs1y-gnused-4.9",
              "default": true
            },
            {
              "name": "info",
              "path": "/nix/store/cfncvncp131kmshlplgblzj2ijba4yqp-gnused-4.9-info"
            }
          ],
          "store_path": "/nix/store/4c59cgm460f3sjk7964vf50lm22cvs1y-gnused-4.9"
        },
        "x86_64-darwin": {
          "outputs": [
            {
              "name": "out",
              "path": "/nix/store/2nxnpw56r9kwlipqh4slr513wxgzg35b-gnused-4.9",
              "default": true
            },
            {
              "name": "info",
              "path": "/nix/store/8zxvffw63rad9a8k9fld9da87yg6si43-gnused-4.9-info"
            }
          ],
          "store_path": "/nix/store/2nxnpw56r9kwlipqh4slr513wxgzg35b-gnused-4.9"
        },
        "x86_64-linux": {
          "outputs": [
            {
              "name": "out",
              "path": "/nix/store/l97jblhqk9ga2dl01ysd3wf51mwqcd6s-gnused-4.9",
              "default": true
            },
            {
              "name": "info",
              "path": "/nix/store/nhsypq4v5gs3c92qrjwkgkx239m68nf4-gnused-4.9-info"
            }
          ],
          "store_path": "/nix/store/l97jblhqk9ga2dl01ysd3wf51mwqcd6s-gnused-4.9"
        }
      }
    },
    "go-task@latest": {
      "last_modified": "2025-04-03T14:08:01Z",
      "resolved": "github:NixOS/nixpkgs/2bfc080955153be0be56724be6fa5477b4eefabb#go-task",
      "source": "devbox-search",
      "version": "3.41.0",
      "systems": {
        "aarch64-darwin": {
          "outputs": [
            {
              "name": "out",
              "path": "/nix/store/dm7qdc2w6zw1bl2drw11shc6zb26vf0j-go-task-3.41.0",
              "default": true
            }
          ],
          "store_path": "/nix/store/dm7qdc2w6zw1bl2drw11shc6zb26vf0j-go-task-3.41.0"
        },
        "aarch64-linux": {
          "outputs": [
            {
              "name": "out",
              "path": "/nix/store/sr9j2rbzia0hq62k5gkwhk0bcmb14ywh-go-task-3.41.0",
              "default": true
            }
          ],
          "store_path": "/nix/store/sr9j2rbzia0hq62k5gkwhk0bcmb14ywh-go-task-3.41.0"
        },
        "x86_64-darwin": {
          "outputs": [
            {
              "name": "out",
              "path": "/nix/store/2p01qkbgh77jjz0cyglg91j1392wnv9b-go-task-3.41.0",
              "default": true
            }
          ],
          "store_path": "/nix/store/2p01qkbgh77jjz0cyglg91j1392wnv9b-go-task-3.41.0"
        },
        "x86_64-linux": {
          "outputs": [
            {
              "name": "out",
              "path": "/nix/store/1ahssbg018nlvadzzwnydx4ky0bpng7a-go-task-3.41.0",
              "default": true
            }
          ],
          "store_path": "/nix/store/1ahssbg018nlvadzzwnydx4ky0bpng7a-go-task-3.41.0"
        }
      }
    },
    "go@latest": {
      "last_modified": "2025-03-23T05:31:05Z",
      "resolved": "github:NixOS/nixpkgs/dd613136ee91f67e5dba3f3f41ac99ae89c5406b#go",
      "source": "devbox-search",
      "version": "1.24.1",
      "systems": {
        "aarch64-darwin": {
          "outputs": [
            {
              "name": "out",
              "path": "/nix/store/ja4jxx60lh1qfqfl4z4p2rff56ia1c3c-go-1.24.1",
              "default": true
            }
          ],
          "store_path": "/nix/store/ja4jxx60lh1qfqfl4z4p2rff56ia1c3c-go-1.24.1"
        },
        "aarch64-linux": {
          "outputs": [
            {
              "name": "out",
              "path": "/nix/store/6zvrmsmdg7p8yw3vii20g40b4zsh6kjr-go-1.24.1",
              "default": true
            }
          ],
          "store_path": "/nix/store/6zvrmsmdg7p8yw3vii20g40b4zsh6kjr-go-1.24.1"
        },
        "x86_64-darwin": {
          "outputs": [
            {
              "name": "out",
              "path": "/nix/store/2bcic1xcha2k11djynr488v3pg0nnghr-go-1.24.1",
              "default": true
            }
          ],
          "store_path": "/nix/store/2bcic1xcha2k11djynr488v3pg0nnghr-go-1.24.1"
        },
        "x86_64-linux": {
          "outputs": [
            {
              "name": "out",
              "path": "/nix/store/g29rrn8qqlg4yjqv543ryrkimr7fk43h-go-1.24.1",
              "default": true
            }
          ],
          "store_path": "/nix/store/g29rrn8qqlg4yjqv543ryrkimr7fk43h-go-1.24.1"
        }
      }
    },
    "gojq@latest": {
      "last_modified": "2025-03-25T17:32:05Z",
      "resolved": "github:NixOS/nixpkgs/25d1b84f5c90632a623c48d83a2faf156451e6b1#gojq",
      "source": "devbox-search",
      "version": "0.12.17",
      "systems": {
        "aarch64-darwin": {
          "outputs": [
            {
              "name": "out",
              "path": "/nix/store/kykmlracfi8wq2czrlybwnplnl0ifjnw-gojq-0.12.17",
              "default": true
            }
          ],
          "store_path": "/nix/store/kykmlracfi8wq2czrlybwnplnl0ifjnw-gojq-0.12.17"
        },
        "aarch64-linux": {
          "outputs": [
            {
              "name": "out",
              "path": "/nix/store/8l1ccn2xf0z824khv3wwg5a1dydh1zjq-gojq-0.12.17",
              "default": true
            }
          ],
          "store_path": "/nix/store/8l1ccn2xf0z824khv3wwg5a1dydh1zjq-gojq-0.12.17"
        },
        "x86_64-darwin": {
          "outputs": [
            {
              "name": "out",
              "path": "/nix/store/a07wwbgh0xqmryzv5j367lhinln1p6i6-gojq-0.12.17",
              "default": true
            }
          ],
          "store_path": "/nix/store/a07wwbgh0xqmryzv5j367lhinln1p6i6-gojq-0.12.17"
        },
        "x86_64-linux": {
          "outputs": [
            {
              "name": "out",
              "path": "/nix/store/mg39pqgk4xi3fp91cyh134j40122cv6w-gojq-0.12.17",
              "default": true
            }
          ],
          "store_path": "/nix/store/mg39pqgk4xi3fp91cyh134j40122cv6w-gojq-0.12.17"
        }
      }
    },
    "goreleaser@latest": {
      "last_modified": "2025-04-01T20:08:20Z",
      "resolved": "github:NixOS/nixpkgs/b9d43b3fe5152d1dc5783a2ba865b2a03388b741#goreleaser",
      "source": "devbox-search",
      "version": "2.8.2",
      "systems": {
        "aarch64-darwin": {
          "outputs": [
            {
              "name": "out",
              "path": "/nix/store/w6r11isfqvn9h1ng9rk608ac048a10q0-goreleaser-2.8.2",
              "default": true
            }
          ],
          "store_path": "/nix/store/w6r11isfqvn9h1ng9rk608ac048a10q0-goreleaser-2.8.2"
        },
        "aarch64-linux": {
          "outputs": [
            {
              "name": "out",
              "path": "/nix/store/5asx3z1phl19aqwviglcz01y0i4i7pzr-goreleaser-2.8.2",
              "default": true
            }
          ],
          "store_path": "/nix/store/5asx3z1phl19aqwviglcz01y0i4i7pzr-goreleaser-2.8.2"
        },
        "x86_64-darwin": {
          "outputs": [
            {
              "name": "out",
              "path": "/nix/store/f8i4wsv3kngavnkcvsdvl3r848g8lrrm-goreleaser-2.8.2",
              "default": true
            }
          ],
          "store_path": "/nix/store/f8i4wsv3kngavnkcvsdvl3r848g8lrrm-goreleaser-2.8.2"
        },
        "x86_64-linux": {
          "outputs": [
            {
              "name": "out",
              "path": "/nix/store/m5dqqaamds9dr9q37bxqgvs0w8jcklwf-goreleaser-2.8.2",
              "default": true
            }
          ],
          "store_path": "/nix/store/m5dqqaamds9dr9q37bxqgvs0w8jcklwf-goreleaser-2.8.2"
        }
      }
    },
    "gotestsum@latest": {
      "last_modified": "2025-04-05T00:48:53Z",
      "resolved": "github:NixOS/nixpkgs/250b695f41e0e2f5afbf15c6b12480de1fe0001b#gotestsum",
      "source": "devbox-search",
      "version": "1.12.0-unstable-2024-09-17",
      "systems": {
        "aarch64-darwin": {
          "outputs": [
            {
              "name": "out",
              "path": "/nix/store/93kwis02c81bwh382s1vdmsqp7s886fl-gotestsum-1.12.0-unstable-2024-09-17",
              "default": true
            }
          ],
          "store_path": "/nix/store/93kwis02c81bwh382s1vdmsqp7s886fl-gotestsum-1.12.0-unstable-2024-09-17"
        },
        "aarch64-linux": {
          "outputs": [
            {
              "name": "out",
              "path": "/nix/store/hmil65sxh60c0mx2f1b41b883dmni5x9-gotestsum-1.12.0-unstable-2024-09-17",
              "default": true
            }
          ],
          "store_path": "/nix/store/hmil65sxh60c0mx2f1b41b883dmni5x9-gotestsum-1.12.0-unstable-2024-09-17"
        },
        "x86_64-darwin": {
          "outputs": [
            {
              "name": "out",
              "path": "/nix/store/1gj7gmd3jsxcn8sxa2zac13f7mh4frx4-gotestsum-1.12.0-unstable-2024-09-17",
              "default": true
            }
          ],
          "store_path": "/nix/store/1gj7gmd3jsxcn8sxa2zac13f7mh4frx4-gotestsum-1.12.0-unstable-2024-09-17"
        },
        "x86_64-linux": {
          "outputs": [
            {
              "name": "out",
              "path": "/nix/store/5iq2g0zd9xiss7px89mdha3qlcws0cl4-gotestsum-1.12.0-unstable-2024-09-17",
              "default": true
            }
          ],
          "store_path": "/nix/store/5iq2g0zd9xiss7px89mdha3qlcws0cl4-gotestsum-1.12.0-unstable-2024-09-17"
        }
      }
    },
    "govulncheck@latest": {
      "last_modified": "2025-04-05T00:48:53Z",
      "resolved": "github:NixOS/nixpkgs/250b695f41e0e2f5afbf15c6b12480de1fe0001b#govulncheck",
      "source": "devbox-search",
      "version": "1.1.4",
      "systems": {
        "aarch64-darwin": {
          "outputs": [
            {
              "name": "out",
              "path": "/nix/store/36sfc9vi74pc9dwahxjy85i3k1z13nvi-govulncheck-1.1.4",
              "default": true
            }
          ],
          "store_path": "/nix/store/36sfc9vi74pc9dwahxjy85i3k1z13nvi-govulncheck-1.1.4"
        },
        "aarch64-linux": {
          "outputs": [
            {
              "name": "out",
              "path": "/nix/store/797qvqyn6a7a4s8p71bdimwa7b5dbzwx-govulncheck-1.1.4",
              "default": true
            }
          ],
          "store_path": "/nix/store/797qvqyn6a7a4s8p71bdimwa7b5dbzwx-govulncheck-1.1.4"
        },
        "x86_64-darwin": {
          "outputs": [
            {
              "name": "out",
              "path": "/nix/store/zm09gkipkyhhppp6nnx28axbvm5nl17m-govulncheck-1.1.4",
              "default": true
            }
          ],
          "store_path": "/nix/store/zm09gkipkyhhppp6nnx28axbvm5nl17m-govulncheck-1.1.4"
        },
        "x86_64-linux": {
          "outputs": [
            {
              "name": "out",
              "path": "/nix/store/8j9scrsv67rqvmg4bklgns1ri5cmda46-govulncheck-1.1.4",
              "default": true
            }
          ],
          "store_path": "/nix/store/8j9scrsv67rqvmg4bklgns1ri5cmda46-govulncheck-1.1.4"
        }
      }
    },
    "ko@latest": {
      "last_modified": "2025-04-02T04:26:43Z",
      "resolved": "github:NixOS/nixpkgs/b7ba7f9f45c5cd0d8625e9e217c28f8eb6a19a76#ko",
      "source": "devbox-search",
      "version": "0.17.1",
      "systems": {
        "aarch64-darwin": {
          "outputs": [
            {
              "name": "out",
              "path": "/nix/store/h186jbqpfn0g59n7x9kyza6zcf4ywzh9-ko-0.17.1",
              "default": true
            }
          ],
          "store_path": "/nix/store/h186jbqpfn0g59n7x9kyza6zcf4ywzh9-ko-0.17.1"
        },
        "aarch64-linux": {
          "outputs": [
            {
              "name": "out",
              "path": "/nix/store/8y4y6q15f82x9lww399np5gilsblwr2i-ko-0.17.1",
              "default": true
            }
          ],
          "store_path": "/nix/store/8y4y6q15f82x9lww399np5gilsblwr2i-ko-0.17.1"
        },
        "x86_64-darwin": {
          "outputs": [
            {
              "name": "out",
              "path": "/nix/store/zmigwvsdw2lnj8xzw9pk4szrs4cy0cb5-ko-0.17.1",
              "default": true
            }
          ],
          "store_path": "/nix/store/zmigwvsdw2lnj8xzw9pk4szrs4cy0cb5-ko-0.17.1"
        },
        "x86_64-linux": {
          "outputs": [
            {
              "name": "out",
              "path": "/nix/store/hdd0bhkf61jxpv46ggs462f219xpn8sz-ko-0.17.1",
              "default": true
            }
          ],
          "store_path": "/nix/store/hdd0bhkf61jxpv46ggs462f219xpn8sz-ko-0.17.1"
        }
      }
    },
    "kubernetes-helm@latest": {
      "last_modified": "2025-04-10T20:20:34Z",
      "resolved": "github:NixOS/nixpkgs/d19cf9dfc633816a437204555afeb9e722386b76#kubernetes-helm",
      "source": "devbox-search",
      "version": "3.17.3",
      "systems": {
        "aarch64-darwin": {
          "outputs": [
            {
              "name": "out",
              "path": "/nix/store/4dmgpl8ldac8i190r5blsi6f95nb8sb8-kubernetes-helm-3.17.3",
              "default": true
            }
          ],
          "store_path": "/nix/store/4dmgpl8ldac8i190r5blsi6f95nb8sb8-kubernetes-helm-3.17.3"
        },
        "aarch64-linux": {
          "outputs": [
            {
              "name": "out",
              "path": "/nix/store/hzmprxfipk2l3yb6455n849ks4gypl9g-kubernetes-helm-3.17.3",
              "default": true
            }
          ],
          "store_path": "/nix/store/hzmprxfipk2l3yb6455n849ks4gypl9g-kubernetes-helm-3.17.3"
        },
        "x86_64-darwin": {
          "outputs": [
            {
              "name": "out",
              "path": "/nix/store/0nx384vvzwwwbrk5vqvsy1wzcravxn7j-kubernetes-helm-3.17.3",
              "default": true
            }
          ],
          "store_path": "/nix/store/0nx384vvzwwwbrk5vqvsy1wzcravxn7j-kubernetes-helm-3.17.3"
        },
        "x86_64-linux": {
          "outputs": [
            {
              "name": "out",
              "path": "/nix/store/4gz844q6xmiklm4416vzzr4h7sw8ajf9-kubernetes-helm-3.17.3",
              "default": true
            }
          ],
          "store_path": "/nix/store/4gz844q6xmiklm4416vzzr4h7sw8ajf9-kubernetes-helm-3.17.3"
        }
      }
    },
    "pre-commit@latest": {
      "last_modified": "2025-04-12T15:53:49Z",
      "resolved": "github:NixOS/nixpkgs/52d0eded529af34e91df6b2a2bc32eb636637cd2#pre-commit",
      "source": "devbox-search",
      "version": "4.0.1",
      "systems": {
        "aarch64-darwin": {
          "outputs": [
            {
              "name": "out",
              "path": "/nix/store/4dz8x71gmbagvzzbz336dqjwdbr1izic-pre-commit-4.0.1",
              "default": true
            },
            {
              "name": "dist",
              "path": "/nix/store/6myipd2b1wgn0afx9g9la7i0vadzxjx4-pre-commit-4.0.1-dist"
            }
          ],
          "store_path": "/nix/store/4dz8x71gmbagvzzbz336dqjwdbr1izic-pre-commit-4.0.1"
        },
        "aarch64-linux": {
          "outputs": [
            {
              "name": "out",
              "path": "/nix/store/09s40i8ffhwpslya7fn7ixamr5mqj901-pre-commit-4.0.1",
              "default": true
            },
            {
              "name": "dist",
              "path": "/nix/store/2lsa610w8ckvw6s46mn3ihkdngjh7q33-pre-commit-4.0.1-dist"
            }
          ],
          "store_path": "/nix/store/09s40i8ffhwpslya7fn7ixamr5mqj901-pre-commit-4.0.1"
        },
        "x86_64-darwin": {
          "outputs": [
            {
              "name": "out",
              "path": "/nix/store/bmc1ia5c2vm5dd56s0123adn096g6amc-pre-commit-4.0.1",
              "default": true
            },
            {
              "name": "dist",
              "path": "/nix/store/9zyngsixvlg1ncw0690wsc93150n6x29-pre-commit-4.0.1-dist"
            }
          ],
          "store_path": "/nix/store/bmc1ia5c2vm5dd56s0123adn096g6amc-pre-commit-4.0.1"
        },
        "x86_64-linux": {
          "outputs": [
            {
              "name": "out",
              "path": "/nix/store/ym281lpaz32pfn6b2iyh579gkrnp9blh-pre-commit-4.0.1",
              "default": true
            },
            {
              "name": "dist",
              "path": "/nix/store/v3fi66mzifgvxljwny0rx8xxr6ajyz53-pre-commit-4.0.1-dist"
            }
          ],
          "store_path": "/nix/store/ym281lpaz32pfn6b2iyh579gkrnp9blh-pre-commit-4.0.1"
        }
      }
    },
    "shfmt@latest": {
      "last_modified": "2025-03-11T17:52:14Z",
      "resolved": "github:NixOS/nixpkgs/0d534853a55b5d02a4ababa1d71921ce8f0aee4c#shfmt",
      "source": "devbox-search",
      "version": "3.11.0",
      "systems": {
        "aarch64-darwin": {
          "outputs": [
            {
              "name": "out",
              "path": "/nix/store/dpz2228wk87vdskpbq8v5mj3mhccmkyj-shfmt-3.11.0",
              "default": true
            }
          ],
          "store_path": "/nix/store/dpz2228wk87vdskpbq8v5mj3mhccmkyj-shfmt-3.11.0"
        },
        "aarch64-linux": {
          "outputs": [
            {
              "name": "out",
              "path": "/nix/store/s7qsx4qrmhbigw4q49a6cjlgzgzhlxnk-shfmt-3.11.0",
              "default": true
            }
          ],
          "store_path": "/nix/store/s7qsx4qrmhbigw4q49a6cjlgzgzhlxnk-shfmt-3.11.0"
        },
        "x86_64-darwin": {
          "outputs": [
            {
              "name": "out",
              "path": "/nix/store/rs9sb1zsp3myi5v54hcr6cd43y0s1gs0-shfmt-3.11.0",
              "default": true
            }
          ],
          "store_path": "/nix/store/rs9sb1zsp3myi5v54hcr6cd43y0s1gs0-shfmt-3.11.0"
        },
        "x86_64-linux": {
          "outputs": [
            {
              "name": "out",
              "path": "/nix/store/vbmfndxpvgxryk8byym2wvmgpxpssp0a-shfmt-3.11.0",
              "default": true
            }
          ],
          "store_path": "/nix/store/vbmfndxpvgxryk8byym2wvmgpxpssp0a-shfmt-3.11.0"
        }
      }
    },
    "upx@latest": {
      "last_modified": "2025-03-11T17:52:14Z",
      "resolved": "github:NixOS/nixpkgs/0d534853a55b5d02a4ababa1d71921ce8f0aee4c#upx",
      "source": "devbox-search",
      "version": "5.0.0",
      "systems": {
        "aarch64-darwin": {
          "outputs": [
            {
              "name": "out",
              "path": "/nix/store/3y0mx9pq7iw1jzsqcldqhbc0mdl46ja2-upx-5.0.0",
              "default": true
            }
          ],
          "store_path": "/nix/store/3y0mx9pq7iw1jzsqcldqhbc0mdl46ja2-upx-5.0.0"
        },
        "aarch64-linux": {
          "outputs": [
            {
              "name": "out",
              "path": "/nix/store/d7cv330kjvpbpzn7xznwhc3siygm14mx-upx-5.0.0",
              "default": true
            }
          ],
          "store_path": "/nix/store/d7cv330kjvpbpzn7xznwhc3siygm14mx-upx-5.0.0"
        },
        "x86_64-darwin": {
          "outputs": [
            {
              "name": "out",
              "path": "/nix/store/pk2h53m70gad0065awkrwr035sa1xn73-upx-5.0.0",
              "default": true
            }
          ],
          "store_path": "/nix/store/pk2h53m70gad0065awkrwr035sa1xn73-upx-5.0.0"
        },
        "x86_64-linux": {
          "outputs": [
            {
              "name": "out",
              "path": "/nix/store/xvfyh4jf43ng36zqnkc6vdl1xwsmb6sk-upx-5.0.0",
              "default": true
            }
          ],
          "store_path": "/nix/store/xvfyh4jf43ng36zqnkc6vdl1xwsmb6sk-upx-5.0.0"
        }
      }
    }
  }
}
