{
  "lockfile_version": "1",
  "packages": {
    "actionlint@latest": {
      "last_modified": "2024-11-28T07:51:56Z",
      "resolved": "github:NixOS/nixpkgs/226216574ada4c3ecefcbbec41f39ce4655f78ef#actionlint",
      "source": "devbox-search",
      "version": "1.7.4",
      "systems": {
        "aarch64-darwin": {
          "outputs": [
            {
              "name": "out",
              "path": "/nix/store/wpzxy90p0kc9r7g46hh7k6jvrp9p5am9-actionlint-1.7.4",
              "default": true
            }
          ],
          "store_path": "/nix/store/wpzxy90p0kc9r7g46hh7k6jvrp9p5am9-actionlint-1.7.4"
        },
        "aarch64-linux": {
          "outputs": [
            {
              "name": "out",
              "path": "/nix/store/i06r5pg0wihhny04dhbm68md3kc5h376-actionlint-1.7.4",
              "default": true
            }
          ],
          "store_path": "/nix/store/i06r5pg0wihhny04dhbm68md3kc5h376-actionlint-1.7.4"
        },
        "x86_64-darwin": {
          "outputs": [
            {
              "name": "out",
              "path": "/nix/store/lh0p82pf7vpz4qwllwwak0513za0zyhw-actionlint-1.7.4",
              "default": true
            }
          ],
          "store_path": "/nix/store/lh0p82pf7vpz4qwllwwak0513za0zyhw-actionlint-1.7.4"
        },
        "x86_64-linux": {
          "outputs": [
            {
              "name": "out",
              "path": "/nix/store/wkyi1777bd7q9d48nmqgw790awr7smh4-actionlint-1.7.4",
              "default": true
            }
          ],
          "store_path": "/nix/store/wkyi1777bd7q9d48nmqgw790awr7smh4-actionlint-1.7.4"
        }
      }
    },
    "coreutils@latest": {
      "last_modified": "2024-12-01T03:48:48Z",
      "resolved": "github:NixOS/nixpkgs/2c27ab2e60502d1ebb7cf38909de38663f762a79#coreutils",
      "source": "devbox-search",
      "version": "9.5",
      "systems": {
        "aarch64-darwin": {
          "outputs": [
            {
              "name": "out",
              "path": "/nix/store/5g6np23z9q7vwwp1s5pxkgn8f8wrmihh-coreutils-9.5",
              "default": true
            },
            {
              "name": "info",
              "path": "/nix/store/ydfklbdc7sdv9jl2jy0prq0wa4cv2zzf-coreutils-9.5-info"
            }
          ],
          "store_path": "/nix/store/5g6np23z9q7vwwp1s5pxkgn8f8wrmihh-coreutils-9.5"
        },
        "aarch64-linux": {
          "outputs": [
            {
              "name": "out",
              "path": "/nix/store/g5manmr2a4jc9m06cf2lpnx1092wvvjh-coreutils-9.5",
              "default": true
            },
            {
              "name": "debug",
              "path": "/nix/store/q70vk5m0nlz0qpy7z6nfczi8ksyaszap-coreutils-9.5-debug"
            },
            {
              "name": "info",
              "path": "/nix/store/cbk08ylbni3vx41g1hdd013146yvcf5c-coreutils-9.5-info"
            }
          ],
          "store_path": "/nix/store/g5manmr2a4jc9m06cf2lpnx1092wvvjh-coreutils-9.5"
        },
        "x86_64-darwin": {
          "outputs": [
            {
              "name": "out",
              "path": "/nix/store/w95g6dz0b7byi4w2mgvmwpl692pilqf1-coreutils-9.5",
              "default": true
            },
            {
              "name": "info",
              "path": "/nix/store/64g8lpl80mprjql96w0wsqc3n2q753l3-coreutils-9.5-info"
            }
          ],
          "store_path": "/nix/store/w95g6dz0b7byi4w2mgvmwpl692pilqf1-coreutils-9.5"
        },
        "x86_64-linux": {
          "outputs": [
            {
              "name": "out",
              "path": "/nix/store/k48bha2fjqzarg52picsdfwlqx75aqbb-coreutils-9.5",
              "default": true
            },
            {
              "name": "debug",
              "path": "/nix/store/h42j46bwd0fqsg70axqpkn49fzfgsxkd-coreutils-9.5-debug"
            },
            {
              "name": "info",
              "path": "/nix/store/kszl2ij9l8ql5ai95h357rkwg77g2f68-coreutils-9.5-info"
            }
          ],
          "store_path": "/nix/store/k48bha2fjqzarg52picsdfwlqx75aqbb-coreutils-9.5"
        }
      }
    },
    "crane@latest": {
      "last_modified": "2024-11-28T07:51:56Z",
      "resolved": "github:NixOS/nixpkgs/226216574ada4c3ecefcbbec41f39ce4655f78ef#crane",
      "source": "devbox-search",
      "version": "0.20.2",
      "systems": {
        "aarch64-darwin": {
          "outputs": [
            {
              "name": "crane",
              "path": "/nix/store/wgzjw226cgc4rcwi6if4s3qg34krp1m1-go-containerregistry-0.20.2-crane",
              "default": true
            },
            {
              "name": "out",
              "path": "/nix/store/w60526g4r2rriq023h6n00g26bl69h0n-go-containerregistry-0.20.2",
              "default": true
            },
            {
              "name": "gcrane",
              "path": "/nix/store/1c2vznyyxnfybw4rdbldj6b3zs4qrp39-go-containerregistry-0.20.2-gcrane"
            }
          ],
          "store_path": "/nix/store/wgzjw226cgc4rcwi6if4s3qg34krp1m1-go-containerregistry-0.20.2-crane"
        },
        "aarch64-linux": {
          "outputs": [
            {
              "name": "crane",
              "path": "/nix/store/bd94cnlbjwgbi9q4441wgzqgy85b63da-go-containerregistry-0.20.2-crane",
              "default": true
            },
            {
              "name": "out",
              "path": "/nix/store/3il5n27qng2ri2zzpv0f74ldd4aqh1cz-go-containerregistry-0.20.2",
              "default": true
            },
            {
              "name": "gcrane",
              "path": "/nix/store/f3dg0bgvjmklcp0q8w87q08hx01qhwmc-go-containerregistry-0.20.2-gcrane"
            }
          ],
          "store_path": "/nix/store/bd94cnlbjwgbi9q4441wgzqgy85b63da-go-containerregistry-0.20.2-crane"
        },
        "x86_64-darwin": {
          "outputs": [
            {
              "name": "crane",
              "path": "/nix/store/zq9qwyys5ar3s94aj7b3jcdnxy12064h-go-containerregistry-0.20.2-crane",
              "default": true
            },
            {
              "name": "out",
              "path": "/nix/store/cbqqdp97pnm9s8g2nplfjy0i0ilxjkji-go-containerregistry-0.20.2",
              "default": true
            },
            {
              "name": "gcrane",
              "path": "/nix/store/4p9fv5g8rs5bp9s7liwfnc0jlagx4zyk-go-containerregistry-0.20.2-gcrane"
            }
          ],
          "store_path": "/nix/store/zq9qwyys5ar3s94aj7b3jcdnxy12064h-go-containerregistry-0.20.2-crane"
        },
        "x86_64-linux": {
          "outputs": [
            {
              "name": "crane",
              "path": "/nix/store/jar4lqjhrj7dk6bd2wiqwl0592140fmp-go-containerregistry-0.20.2-crane",
              "default": true
            },
            {
              "name": "out",
              "path": "/nix/store/ny47amqdz0vv677bmgiphfyllqps7din-go-containerregistry-0.20.2",
              "default": true
            },
            {
              "name": "gcrane",
              "path": "/nix/store/6shq17fp2g4fdfrnpszjvwyfqpgshx61-go-containerregistry-0.20.2-gcrane"
            }
          ],
          "store_path": "/nix/store/jar4lqjhrj7dk6bd2wiqwl0592140fmp-go-containerregistry-0.20.2-crane"
        }
      }
    },
    "darwin.Security@latest": {
      "last_modified": "2024-11-16T04:25:12Z",
      "resolved": "github:NixOS/nixpkgs/34a626458d686f1b58139620a8b2793e9e123bba#darwin.Security",
      "source": "devbox-search",
      "version": "11.0",
      "systems": {
        "aarch64-linux": {
          "outputs": [
            {
              "name": "out",
              "path": "/nix/store/nvzqysba0ga8w7b93y2jsfmw6bicrk35-Security-11.0",
              "default": true
            }
          ],
          "store_path": "/nix/store/nvzqysba0ga8w7b93y2jsfmw6bicrk35-Security-11.0"
        }
      }
    },
    "fd@latest": {
      "last_modified": "2024-11-16T04:25:12Z",
      "resolved": "github:NixOS/nixpkgs/34a626458d686f1b58139620a8b2793e9e123bba#fd",
      "source": "devbox-search",
      "version": "10.2.0",
      "systems": {
        "aarch64-darwin": {
          "outputs": [
            {
              "name": "out",
              "path": "/nix/store/82v1i8k638rvnmk9p77wv3b6c9phvndh-fd-10.2.0",
              "default": true
            }
          ],
          "store_path": "/nix/store/82v1i8k638rvnmk9p77wv3b6c9phvndh-fd-10.2.0"
        },
        "aarch64-linux": {
          "outputs": [
            {
              "name": "out",
              "path": "/nix/store/8kaw3m5if6d0hc6bj0m4j9kajarn405b-fd-10.2.0",
              "default": true
            }
          ],
          "store_path": "/nix/store/8kaw3m5if6d0hc6bj0m4j9kajarn405b-fd-10.2.0"
        },
        "x86_64-darwin": {
          "outputs": [
            {
              "name": "out",
              "path": "/nix/store/q9b9c6ws3jy3giq9jmgk4f5xbyls1cnq-fd-10.2.0",
              "default": true
            }
          ],
          "store_path": "/nix/store/q9b9c6ws3jy3giq9jmgk4f5xbyls1cnq-fd-10.2.0"
        },
        "x86_64-linux": {
          "outputs": [
            {
              "name": "out",
              "path": "/nix/store/s8ml0x4zl7xla2crsx2427cxz6lyypzp-fd-10.2.0",
              "default": true
            }
          ],
          "store_path": "/nix/store/s8ml0x4zl7xla2crsx2427cxz6lyypzp-fd-10.2.0"
        }
      }
    },
    "ginkgo@latest": {
      "last_modified": "2024-11-28T07:51:56Z",
      "resolved": "github:NixOS/nixpkgs/226216574ada4c3ecefcbbec41f39ce4655f78ef#ginkgo",
      "source": "devbox-search",
      "version": "2.21.0",
      "systems": {
        "aarch64-darwin": {
          "outputs": [
            {
              "name": "out",
              "path": "/nix/store/fcqlh84lg4v5xqg7gf8r0vahai8xr5kz-ginkgo-2.21.0",
              "default": true
            }
          ],
          "store_path": "/nix/store/fcqlh84lg4v5xqg7gf8r0vahai8xr5kz-ginkgo-2.21.0"
        },
        "aarch64-linux": {
          "outputs": [
            {
              "name": "out",
              "path": "/nix/store/7hxjk0kdzxm8028554rd8xrl5jszi020-ginkgo-2.21.0",
              "default": true
            }
          ],
          "store_path": "/nix/store/7hxjk0kdzxm8028554rd8xrl5jszi020-ginkgo-2.21.0"
        },
        "x86_64-darwin": {
          "outputs": [
            {
              "name": "out",
              "path": "/nix/store/8vrsyaa5xa55cwdbmsr5qxyyhzi28as5-ginkgo-2.21.0",
              "default": true
            }
          ],
          "store_path": "/nix/store/8vrsyaa5xa55cwdbmsr5qxyyhzi28as5-ginkgo-2.21.0"
        },
        "x86_64-linux": {
          "outputs": [
            {
              "name": "out",
              "path": "/nix/store/3rr6incbcq08pfjxn7vsx8hx953a0adh-ginkgo-2.21.0",
              "default": true
            }
          ],
          "store_path": "/nix/store/3rr6incbcq08pfjxn7vsx8hx953a0adh-ginkgo-2.21.0"
        }
      }
    },
    "git@latest": {
      "last_modified": "2024-11-30T12:51:46Z",
      "resolved": "github:NixOS/nixpkgs/f40efe1ce90f9cd692c8d56d9305fa6b9c07f211#git",
      "source": "devbox-search",
      "version": "2.47.0",
      "systems": {
        "aarch64-darwin": {
          "outputs": [
            {
              "name": "out",
              "path": "/nix/store/w5rggkxjd7z2cjk4fia9za7gb485pydw-git-2.47.0",
              "default": true
            },
            {
              "name": "doc",
              "path": "/nix/store/8r3g3kpmrgk1ih1wfyfxv0qrybaqqk6r-git-2.47.0-doc"
            }
          ],
          "store_path": "/nix/store/w5rggkxjd7z2cjk4fia9za7gb485pydw-git-2.47.0"
        },
        "aarch64-linux": {
          "outputs": [
            {
              "name": "out",
              "path": "/nix/store/50hslncwwrrzjwyrr5ifia29dxlmny03-git-2.47.0",
              "default": true
            },
            {
              "name": "debug",
              "path": "/nix/store/48mq59i2nmkay3qbqqjsgpsqhwnjvn7n-git-2.47.0-debug"
            },
            {
              "name": "doc",
              "path": "/nix/store/27xymgj2ah5j40iy407p9604nlg23whx-git-2.47.0-doc"
            }
          ],
          "store_path": "/nix/store/50hslncwwrrzjwyrr5ifia29dxlmny03-git-2.47.0"
        },
        "x86_64-darwin": {
          "outputs": [
            {
              "name": "out",
              "path": "/nix/store/w7a374fz8ai3swihnynx4r7hgqsw9xvd-git-2.47.0",
              "default": true
            },
            {
              "name": "doc",
              "path": "/nix/store/zm42fzcd69sc8jqcn22z5dhnj5rvrk39-git-2.47.0-doc"
            }
          ],
          "store_path": "/nix/store/w7a374fz8ai3swihnynx4r7hgqsw9xvd-git-2.47.0"
        },
        "x86_64-linux": {
          "outputs": [
            {
              "name": "out",
              "path": "/nix/store/pxpns5vm111i6j3r3wbygaj99wbrm6h1-git-2.47.0",
              "default": true
            },
            {
              "name": "debug",
              "path": "/nix/store/yzj0y9yq01yfqmpwvifwqlnws90yq60l-git-2.47.0-debug"
            },
            {
              "name": "doc",
              "path": "/nix/store/851nl4fknnygvx9qmkmm7iqlv66l4fzg-git-2.47.0-doc"
            }
          ],
          "store_path": "/nix/store/pxpns5vm111i6j3r3wbygaj99wbrm6h1-git-2.47.0"
        }
      }
    },
    "gnugrep@latest": {
      "last_modified": "2024-11-28T07:51:56Z",
      "resolved": "github:NixOS/nixpkgs/226216574ada4c3ecefcbbec41f39ce4655f78ef#gnugrep",
      "source": "devbox-search",
      "version": "3.11",
      "systems": {
        "aarch64-darwin": {
          "outputs": [
            {
              "name": "out",
              "path": "/nix/store/ay0r3wrwbv5rq3mg3vhla045yjr49gka-gnugrep-3.11",
              "default": true
            },
            {
              "name": "info",
              "path": "/nix/store/gws8iag893shvjcmj0qr30ly1r7a97vk-gnugrep-3.11-info"
            }
          ],
          "store_path": "/nix/store/ay0r3wrwbv5rq3mg3vhla045yjr49gka-gnugrep-3.11"
        },
        "aarch64-linux": {
          "outputs": [
            {
              "name": "out",
              "path": "/nix/store/jmg2nszjh84alaw2c8qky4gnxvjwk27c-gnugrep-3.11",
              "default": true
            },
            {
              "name": "info",
              "path": "/nix/store/a9dbz26nwwdskhmp3dln73xknc8w7xk2-gnugrep-3.11-info"
            }
          ],
          "store_path": "/nix/store/jmg2nszjh84alaw2c8qky4gnxvjwk27c-gnugrep-3.11"
        },
        "x86_64-darwin": {
          "outputs": [
            {
              "name": "out",
              "path": "/nix/store/n2xgwfxfvf2skpxc4vp1vjgmky80bjc3-gnugrep-3.11",
              "default": true
            },
            {
              "name": "info",
              "path": "/nix/store/vnz50jw6i49kb2wz7q4bq2g4lxr6y7g8-gnugrep-3.11-info"
            }
          ],
          "store_path": "/nix/store/n2xgwfxfvf2skpxc4vp1vjgmky80bjc3-gnugrep-3.11"
        },
        "x86_64-linux": {
          "outputs": [
            {
              "name": "out",
              "path": "/nix/store/14aswfz6pm8zvyyy927xzmi8x4rnvlc8-gnugrep-3.11",
              "default": true
            },
            {
              "name": "info",
              "path": "/nix/store/iddqfvfnl7akacqrhdmymai674i80dnl-gnugrep-3.11-info"
            }
          ],
          "store_path": "/nix/store/14aswfz6pm8zvyyy927xzmi8x4rnvlc8-gnugrep-3.11"
        }
      }
    },
    "gnused@latest": {
      "last_modified": "2024-11-28T07:51:56Z",
      "resolved": "github:NixOS/nixpkgs/226216574ada4c3ecefcbbec41f39ce4655f78ef#gnused",
      "source": "devbox-search",
      "version": "4.9",
      "systems": {
        "aarch64-darwin": {
          "outputs": [
            {
              "name": "out",
              "path": "/nix/store/9m372k9wy0f9aj54zhvsr65w2p9ndwnj-gnused-4.9",
              "default": true
            },
            {
              "name": "info",
              "path": "/nix/store/3yics1f11i66918s4q4z1486zncfrb2r-gnused-4.9-info"
            }
          ],
          "store_path": "/nix/store/9m372k9wy0f9aj54zhvsr65w2p9ndwnj-gnused-4.9"
        },
        "aarch64-linux": {
          "outputs": [
            {
              "name": "out",
              "path": "/nix/store/lmh8srdd0lhrvqyxk6nk5vyfwpg2cfkg-gnused-4.9",
              "default": true
            },
            {
              "name": "info",
              "path": "/nix/store/b9mnv69s22jwbpygqdg0vvd82w43lh5h-gnused-4.9-info"
            }
          ],
          "store_path": "/nix/store/lmh8srdd0lhrvqyxk6nk5vyfwpg2cfkg-gnused-4.9"
        },
        "x86_64-darwin": {
          "outputs": [
            {
              "name": "out",
              "path": "/nix/store/x1k6ajjhx3diqw3y661w63hlx378wlgl-gnused-4.9",
              "default": true
            },
            {
              "name": "info",
              "path": "/nix/store/qk1fafqq07sw0875x8a8nbf66akbg88d-gnused-4.9-info"
            }
          ],
          "store_path": "/nix/store/x1k6ajjhx3diqw3y661w63hlx378wlgl-gnused-4.9"
        },
        "x86_64-linux": {
          "outputs": [
            {
              "name": "out",
              "path": "/nix/store/gvivnz7rb2gz1vy7d9mdxgzj9didz7w2-gnused-4.9",
              "default": true
            },
            {
              "name": "info",
              "path": "/nix/store/65h621h5xk85b4x8xw6pvy68v02hf06f-gnused-4.9-info"
            }
          ],
          "store_path": "/nix/store/gvivnz7rb2gz1vy7d9mdxgzj9didz7w2-gnused-4.9"
        }
      }
    },
    "go-task@latest": {
      "last_modified": "2024-11-28T07:51:56Z",
      "resolved": "github:NixOS/nixpkgs/226216574ada4c3ecefcbbec41f39ce4655f78ef#go-task",
      "source": "devbox-search",
      "version": "3.40.0",
      "systems": {
        "aarch64-darwin": {
          "outputs": [
            {
              "name": "out",
              "path": "/nix/store/ynnx5bghcar86a89026rdysvpf51b2li-go-task-3.40.0",
              "default": true
            }
          ],
          "store_path": "/nix/store/ynnx5bghcar86a89026rdysvpf51b2li-go-task-3.40.0"
        },
        "aarch64-linux": {
          "outputs": [
            {
              "name": "out",
              "path": "/nix/store/2ga7yc7nn0k01n2w3wa6fjbp0i31r6d6-go-task-3.40.0",
              "default": true
            }
          ],
          "store_path": "/nix/store/2ga7yc7nn0k01n2w3wa6fjbp0i31r6d6-go-task-3.40.0"
        },
        "x86_64-darwin": {
          "outputs": [
            {
              "name": "out",
              "path": "/nix/store/sjq23fm01iki9idphwvp27yjzv7blr69-go-task-3.40.0",
              "default": true
            }
          ],
          "store_path": "/nix/store/sjq23fm01iki9idphwvp27yjzv7blr69-go-task-3.40.0"
        },
        "x86_64-linux": {
          "outputs": [
            {
              "name": "out",
              "path": "/nix/store/x5pbyv5p0yj3fl77j4bmgcj8s7jjcjwn-go-task-3.40.0",
              "default": true
            }
          ],
          "store_path": "/nix/store/x5pbyv5p0yj3fl77j4bmgcj8s7jjcjwn-go-task-3.40.0"
        }
      }
    },
    "go@latest": {
      "last_modified": "2024-11-28T07:51:56Z",
      "resolved": "github:NixOS/nixpkgs/226216574ada4c3ecefcbbec41f39ce4655f78ef#go",
      "source": "devbox-search",
      "version": "1.23.3",
      "systems": {
        "aarch64-darwin": {
          "outputs": [
            {
              "name": "out",
              "path": "/nix/store/qrj2wp6vzfpjfrrlcmr22818zg83fb73-go-1.23.3",
              "default": true
            }
          ],
          "store_path": "/nix/store/qrj2wp6vzfpjfrrlcmr22818zg83fb73-go-1.23.3"
        },
        "aarch64-linux": {
          "outputs": [
            {
              "name": "out",
              "path": "/nix/store/dm66qyl19skrwcmk4rb9xcs64xc1d071-go-1.23.3",
              "default": true
            }
          ],
          "store_path": "/nix/store/dm66qyl19skrwcmk4rb9xcs64xc1d071-go-1.23.3"
        },
        "x86_64-darwin": {
          "outputs": [
            {
              "name": "out",
              "path": "/nix/store/vkjn6njpz4gy5ma763vh8hh93bgjwycr-go-1.23.3",
              "default": true
            }
          ],
          "store_path": "/nix/store/vkjn6njpz4gy5ma763vh8hh93bgjwycr-go-1.23.3"
        },
        "x86_64-linux": {
          "outputs": [
            {
              "name": "out",
              "path": "/nix/store/bavnchxi7v6xs077jxv7fl5rrqc3y87w-go-1.23.3",
              "default": true
            }
          ],
          "store_path": "/nix/store/bavnchxi7v6xs077jxv7fl5rrqc3y87w-go-1.23.3"
        }
      }
    },
    "gojq@latest": {
      "last_modified": "2024-12-03T12:40:06Z",
      "resolved": "github:NixOS/nixpkgs/566e53c2ad750c84f6d31f9ccb9d00f823165550#gojq",
      "source": "devbox-search",
      "version": "0.12.17",
      "systems": {
        "aarch64-darwin": {
          "outputs": [
            {
              "name": "out",
              "path": "/nix/store/igl0wracq0g3iasn1wzzxqv389jh3if5-gojq-0.12.17",
              "default": true
            }
          ],
          "store_path": "/nix/store/igl0wracq0g3iasn1wzzxqv389jh3if5-gojq-0.12.17"
        },
        "aarch64-linux": {
          "outputs": [
            {
              "name": "out",
              "path": "/nix/store/g69bcvxb4mzxbvldlcfmgydy0rs1n617-gojq-0.12.17",
              "default": true
            }
          ],
          "store_path": "/nix/store/g69bcvxb4mzxbvldlcfmgydy0rs1n617-gojq-0.12.17"
        },
        "x86_64-darwin": {
          "outputs": [
            {
              "name": "out",
              "path": "/nix/store/5sh51srmgjjalbfd0fhac3lsn2lzk0y6-gojq-0.12.17",
              "default": true
            }
          ],
          "store_path": "/nix/store/5sh51srmgjjalbfd0fhac3lsn2lzk0y6-gojq-0.12.17"
        },
        "x86_64-linux": {
          "outputs": [
            {
              "name": "out",
              "path": "/nix/store/gryzjb068738pscrad7l0bfn68gljfpa-gojq-0.12.17",
              "default": true
            }
          ],
          "store_path": "/nix/store/gryzjb068738pscrad7l0bfn68gljfpa-gojq-0.12.17"
        }
      }
    },
    "golangci-lint@latest": {
      "last_modified": "2024-11-28T07:51:56Z",
      "resolved": "github:NixOS/nixpkgs/226216574ada4c3ecefcbbec41f39ce4655f78ef#golangci-lint",
      "source": "devbox-search",
      "version": "1.62.2",
      "systems": {
        "aarch64-darwin": {
          "outputs": [
            {
              "name": "out",
              "path": "/nix/store/yp07jnqgrbnvdibqz1m2i1fgj30vhd2b-golangci-lint-1.62.2",
              "default": true
            }
          ],
          "store_path": "/nix/store/yp07jnqgrbnvdibqz1m2i1fgj30vhd2b-golangci-lint-1.62.2"
        },
        "aarch64-linux": {
          "outputs": [
            {
              "name": "out",
              "path": "/nix/store/77qnd3ix2nrb8f5vppnv1pfd35h4vz04-golangci-lint-1.62.2",
              "default": true
            }
          ],
          "store_path": "/nix/store/77qnd3ix2nrb8f5vppnv1pfd35h4vz04-golangci-lint-1.62.2"
        },
        "x86_64-darwin": {
          "outputs": [
            {
              "name": "out",
              "path": "/nix/store/ri36lilgaf8d4z2r96xfsk33162zrvwy-golangci-lint-1.62.2",
              "default": true
            }
          ],
          "store_path": "/nix/store/ri36lilgaf8d4z2r96xfsk33162zrvwy-golangci-lint-1.62.2"
        },
        "x86_64-linux": {
          "outputs": [
            {
              "name": "out",
              "path": "/nix/store/gr55w2x6wrzdvhhbzm4wc28cs4k7g7vr-golangci-lint-1.62.2",
              "default": true
            }
          ],
          "store_path": "/nix/store/gr55w2x6wrzdvhhbzm4wc28cs4k7g7vr-golangci-lint-1.62.2"
        }
      }
    },
    "golines@latest": {
      "last_modified": "2024-11-28T07:51:56Z",
      "resolved": "github:NixOS/nixpkgs/226216574ada4c3ecefcbbec41f39ce4655f78ef#golines",
      "source": "devbox-search",
      "version": "0.12.2",
      "systems": {
        "aarch64-darwin": {
          "outputs": [
            {
              "name": "out",
              "path": "/nix/store/rxzinqcpa8j13ckb47sdid4b1bkgam85-golines-0.12.2",
              "default": true
            }
          ],
          "store_path": "/nix/store/rxzinqcpa8j13ckb47sdid4b1bkgam85-golines-0.12.2"
        },
        "aarch64-linux": {
          "outputs": [
            {
              "name": "out",
              "path": "/nix/store/adki0bm9vi6hprg8wldkm9clkclwmpvc-golines-0.12.2",
              "default": true
            }
          ],
          "store_path": "/nix/store/adki0bm9vi6hprg8wldkm9clkclwmpvc-golines-0.12.2"
        },
        "x86_64-darwin": {
          "outputs": [
            {
              "name": "out",
              "path": "/nix/store/p5hkk0vmrwxvn660swz32vlj7nxkbm2g-golines-0.12.2",
              "default": true
            }
          ],
          "store_path": "/nix/store/p5hkk0vmrwxvn660swz32vlj7nxkbm2g-golines-0.12.2"
        },
        "x86_64-linux": {
          "outputs": [
            {
              "name": "out",
              "path": "/nix/store/4l4mzrn3pfj5xk6d7w7xz9a7ndjfq8yv-golines-0.12.2",
              "default": true
            }
          ],
          "store_path": "/nix/store/4l4mzrn3pfj5xk6d7w7xz9a7ndjfq8yv-golines-0.12.2"
        }
      }
    },
    "goreleaser@latest": {
      "last_modified": "2024-11-28T07:51:56Z",
      "resolved": "github:NixOS/nixpkgs/226216574ada4c3ecefcbbec41f39ce4655f78ef#goreleaser",
      "source": "devbox-search",
      "version": "2.4.8",
      "systems": {
        "aarch64-darwin": {
          "outputs": [
            {
              "name": "out",
              "path": "/nix/store/l78j1gsjxa022wjncvf3cll4lq53z2jm-goreleaser-2.4.8",
              "default": true
            }
          ],
          "store_path": "/nix/store/l78j1gsjxa022wjncvf3cll4lq53z2jm-goreleaser-2.4.8"
        },
        "aarch64-linux": {
          "outputs": [
            {
              "name": "out",
              "path": "/nix/store/vy4pvf9yjp6pf8xx9i4jx6wlhk7jqbnm-goreleaser-2.4.8",
              "default": true
            }
          ],
          "store_path": "/nix/store/vy4pvf9yjp6pf8xx9i4jx6wlhk7jqbnm-goreleaser-2.4.8"
        },
        "x86_64-darwin": {
          "outputs": [
            {
              "name": "out",
              "path": "/nix/store/jrm9qvx853gw7mddnk2gwbj0kbn3ly6z-goreleaser-2.4.8",
              "default": true
            }
          ],
          "store_path": "/nix/store/jrm9qvx853gw7mddnk2gwbj0kbn3ly6z-goreleaser-2.4.8"
        },
        "x86_64-linux": {
          "outputs": [
            {
              "name": "out",
              "path": "/nix/store/35nadfml57a8bkkkxh7fqxnw3mknh6mr-goreleaser-2.4.8",
              "default": true
            }
          ],
          "store_path": "/nix/store/35nadfml57a8bkkkxh7fqxnw3mknh6mr-goreleaser-2.4.8"
        }
      }
    },
    "gotestsum@latest": {
      "last_modified": "2024-11-16T04:25:12Z",
      "resolved": "github:NixOS/nixpkgs/34a626458d686f1b58139620a8b2793e9e123bba#gotestsum",
      "source": "devbox-search",
      "version": "1.12.0-unstable-2024-09-17",
      "systems": {
        "aarch64-darwin": {
          "outputs": [
            {
              "name": "out",
              "path": "/nix/store/v0v01f2m4g68mcwpnqqi7b2jxhpva1yy-gotestsum-1.12.0-unstable-2024-09-17",
              "default": true
            }
          ],
          "store_path": "/nix/store/v0v01f2m4g68mcwpnqqi7b2jxhpva1yy-gotestsum-1.12.0-unstable-2024-09-17"
        },
        "aarch64-linux": {
          "outputs": [
            {
              "name": "out",
              "path": "/nix/store/n2ccaz2n98bj6ysryj0k7gdxllfrbacr-gotestsum-1.12.0-unstable-2024-09-17",
              "default": true
            }
          ],
          "store_path": "/nix/store/n2ccaz2n98bj6ysryj0k7gdxllfrbacr-gotestsum-1.12.0-unstable-2024-09-17"
        },
        "x86_64-darwin": {
          "outputs": [
            {
              "name": "out",
              "path": "/nix/store/7ay2y0rb1326x14nyhgpr3jk9pi7j1w2-gotestsum-1.12.0-unstable-2024-09-17",
              "default": true
            }
          ],
          "store_path": "/nix/store/7ay2y0rb1326x14nyhgpr3jk9pi7j1w2-gotestsum-1.12.0-unstable-2024-09-17"
        },
        "x86_64-linux": {
          "outputs": [
            {
              "name": "out",
              "path": "/nix/store/dja3nlji9w82wwd4q1qm00iqx6ncafsv-gotestsum-1.12.0-unstable-2024-09-17",
              "default": true
            }
          ],
          "store_path": "/nix/store/dja3nlji9w82wwd4q1qm00iqx6ncafsv-gotestsum-1.12.0-unstable-2024-09-17"
        }
      }
    },
    "ko@latest": {
      "last_modified": "2024-11-28T07:51:56Z",
      "resolved": "github:NixOS/nixpkgs/226216574ada4c3ecefcbbec41f39ce4655f78ef#ko",
      "source": "devbox-search",
      "version": "0.15.4",
      "systems": {
        "aarch64-darwin": {
          "outputs": [
            {
              "name": "out",
              "path": "/nix/store/qqglm079j9a8a82xz5ssikh8vf6rcxmm-ko-0.15.4",
              "default": true
            }
          ],
          "store_path": "/nix/store/qqglm079j9a8a82xz5ssikh8vf6rcxmm-ko-0.15.4"
        },
        "aarch64-linux": {
          "outputs": [
            {
              "name": "out",
              "path": "/nix/store/d6hlcjpvxbfwfg307ax2v74qpigbdz5y-ko-0.15.4",
              "default": true
            }
          ],
          "store_path": "/nix/store/d6hlcjpvxbfwfg307ax2v74qpigbdz5y-ko-0.15.4"
        },
        "x86_64-darwin": {
          "outputs": [
            {
              "name": "out",
              "path": "/nix/store/xacdr0is5r3y8f68b1mprs5qm1nia5x8-ko-0.15.4",
              "default": true
            }
          ],
          "store_path": "/nix/store/xacdr0is5r3y8f68b1mprs5qm1nia5x8-ko-0.15.4"
        },
        "x86_64-linux": {
          "outputs": [
            {
              "name": "out",
              "path": "/nix/store/zjpji2lr209d0dyzkv8cnqzfljf69k29-ko-0.15.4",
              "default": true
            }
          ],
          "store_path": "/nix/store/zjpji2lr209d0dyzkv8cnqzfljf69k29-ko-0.15.4"
        }
      }
    },
    "kubernetes-helm@latest": {
      "last_modified": "2024-11-28T07:51:56Z",
      "resolved": "github:NixOS/nixpkgs/226216574ada4c3ecefcbbec41f39ce4655f78ef#kubernetes-helm",
      "source": "devbox-search",
      "version": "3.16.3",
      "systems": {
        "aarch64-darwin": {
          "outputs": [
            {
              "name": "out",
              "path": "/nix/store/v0b54sqamjz5hkbbhbbn62rmhy1ynk5a-kubernetes-helm-3.16.3",
              "default": true
            }
          ],
          "store_path": "/nix/store/v0b54sqamjz5hkbbhbbn62rmhy1ynk5a-kubernetes-helm-3.16.3"
        },
        "aarch64-linux": {
          "outputs": [
            {
              "name": "out",
              "path": "/nix/store/vsps7v36p9nbx08v8c7x1a36mmknhacy-kubernetes-helm-3.16.3",
              "default": true
            }
          ],
          "store_path": "/nix/store/vsps7v36p9nbx08v8c7x1a36mmknhacy-kubernetes-helm-3.16.3"
        },
        "x86_64-darwin": {
          "outputs": [
            {
              "name": "out",
              "path": "/nix/store/s57dya7h9slzyrnjg8h3hzbh695ksvj5-kubernetes-helm-3.16.3",
              "default": true
            }
          ],
          "store_path": "/nix/store/s57dya7h9slzyrnjg8h3hzbh695ksvj5-kubernetes-helm-3.16.3"
        },
        "x86_64-linux": {
          "outputs": [
            {
              "name": "out",
              "path": "/nix/store/nyrghdw5xi4kiwbsw6vdvnnyra5cy0x7-kubernetes-helm-3.16.3",
              "default": true
            }
          ],
          "store_path": "/nix/store/nyrghdw5xi4kiwbsw6vdvnnyra5cy0x7-kubernetes-helm-3.16.3"
        }
      }
    },
    "pre-commit@latest": {
      "last_modified": "2024-11-28T07:51:56Z",
      "resolved": "github:NixOS/nixpkgs/226216574ada4c3ecefcbbec41f39ce4655f78ef#pre-commit",
      "source": "devbox-search",
      "version": "4.0.1",
      "systems": {
        "aarch64-darwin": {
          "outputs": [
            {
              "name": "out",
              "path": "/nix/store/aimv8ah3yhgab36sw3zbq1iijyziznf6-pre-commit-4.0.1",
              "default": true
            },
            {
              "name": "dist",
              "path": "/nix/store/qmi5w2qid6pikla8rwlpmjq089dzgrc1-pre-commit-4.0.1-dist"
            }
          ],
          "store_path": "/nix/store/aimv8ah3yhgab36sw3zbq1iijyziznf6-pre-commit-4.0.1"
        },
        "aarch64-linux": {
          "outputs": [
            {
              "name": "out",
              "path": "/nix/store/5m43n9nfh3adc16v4gkhbam8j01n6vnc-pre-commit-4.0.1",
              "default": true
            },
            {
              "name": "dist",
              "path": "/nix/store/dynbxgqjrpxfyhi1md6fvinvqrrk129d-pre-commit-4.0.1-dist"
            }
          ],
          "store_path": "/nix/store/5m43n9nfh3adc16v4gkhbam8j01n6vnc-pre-commit-4.0.1"
        },
        "x86_64-darwin": {
          "outputs": [
            {
              "name": "out",
              "path": "/nix/store/dbzp2indq72z7dnagwyadslh5hrsg9b9-pre-commit-4.0.1",
              "default": true
            },
            {
              "name": "dist",
              "path": "/nix/store/q2n16d43f53b1x1sa13sb8rlzzf63bz8-pre-commit-4.0.1-dist"
            }
          ],
          "store_path": "/nix/store/dbzp2indq72z7dnagwyadslh5hrsg9b9-pre-commit-4.0.1"
        },
        "x86_64-linux": {
          "outputs": [
            {
              "name": "out",
              "path": "/nix/store/q4m1rd8xbbvigqi5vgd9mp58m857bx9a-pre-commit-4.0.1",
              "default": true
            },
            {
              "name": "dist",
              "path": "/nix/store/p9725ydq8z1d25hhba3s4sjlj57gd6mk-pre-commit-4.0.1-dist"
            }
          ],
          "store_path": "/nix/store/q4m1rd8xbbvigqi5vgd9mp58m857bx9a-pre-commit-4.0.1"
        }
      }
    },
    "shfmt@latest": {
      "last_modified": "2024-11-28T07:51:56Z",
      "resolved": "github:NixOS/nixpkgs/226216574ada4c3ecefcbbec41f39ce4655f78ef#shfmt",
      "source": "devbox-search",
      "version": "3.10.0",
      "systems": {
        "aarch64-darwin": {
          "outputs": [
            {
              "name": "out",
              "path": "/nix/store/kljs88z59bk97h0y4s2y866dblgf9f96-shfmt-3.10.0",
              "default": true
            }
          ],
          "store_path": "/nix/store/kljs88z59bk97h0y4s2y866dblgf9f96-shfmt-3.10.0"
        },
        "aarch64-linux": {
          "outputs": [
            {
              "name": "out",
              "path": "/nix/store/q0q4hwhr60l768g2cy617rz0li7ydlag-shfmt-3.10.0",
              "default": true
            }
          ],
          "store_path": "/nix/store/q0q4hwhr60l768g2cy617rz0li7ydlag-shfmt-3.10.0"
        },
        "x86_64-darwin": {
          "outputs": [
            {
              "name": "out",
              "path": "/nix/store/6ppiscgh1m8qprsxwvwbk6r1067rlakl-shfmt-3.10.0",
              "default": true
            }
          ],
          "store_path": "/nix/store/6ppiscgh1m8qprsxwvwbk6r1067rlakl-shfmt-3.10.0"
        },
        "x86_64-linux": {
          "outputs": [
            {
              "name": "out",
              "path": "/nix/store/h2h7x5kiafxihrshxcmg5ah0q4zwhqbj-shfmt-3.10.0",
              "default": true
            }
          ],
          "store_path": "/nix/store/h2h7x5kiafxihrshxcmg5ah0q4zwhqbj-shfmt-3.10.0"
        }
      }
    },
    "upx@latest": {
      "last_modified": "2024-11-28T07:51:56Z",
      "resolved": "github:NixOS/nixpkgs/226216574ada4c3ecefcbbec41f39ce4655f78ef#upx",
      "source": "devbox-search",
      "version": "4.2.4",
      "systems": {
        "aarch64-darwin": {
          "outputs": [
            {
              "name": "out",
              "path": "/nix/store/64c4minfnwlhh1sj2jy8i3ww7ml2mink-upx-4.2.4",
              "default": true
            }
          ],
          "store_path": "/nix/store/64c4minfnwlhh1sj2jy8i3ww7ml2mink-upx-4.2.4"
        },
        "aarch64-linux": {
          "outputs": [
            {
              "name": "out",
              "path": "/nix/store/nvgccy2ny20cjisx5prj55y7qp7k1xr8-upx-4.2.4",
              "default": true
            }
          ],
          "store_path": "/nix/store/nvgccy2ny20cjisx5prj55y7qp7k1xr8-upx-4.2.4"
        },
        "x86_64-darwin": {
          "outputs": [
            {
              "name": "out",
              "path": "/nix/store/dl1zzs2i55m0chmbsknz26nv0h8asfph-upx-4.2.4",
              "default": true
            }
          ],
          "store_path": "/nix/store/dl1zzs2i55m0chmbsknz26nv0h8asfph-upx-4.2.4"
        },
        "x86_64-linux": {
          "outputs": [
            {
              "name": "out",
              "path": "/nix/store/z8caslgrp9m5d1cw0vndk3j231rcaan6-upx-4.2.4",
              "default": true
            }
          ],
          "store_path": "/nix/store/z8caslgrp9m5d1cw0vndk3j231rcaan6-upx-4.2.4"
        }
      }
    }
  }
}
